
Microsoft Visual Studio Solution File, Format Version 12.00
# Visual Studio Version 16
VisualStudioVersion = 16.0.30711.63
MinimumVisualStudioVersion = 10.0.40219.1
Project("{9A19103F-16F7-4668-BE54-9A1E7A4F7556}") = "AW.Domain", "AW.Domain\AW.Domain.csproj", "{FB668641-AB90-42F7-AC26-1C9A2BF6458F}"
EndProject
Project("{9A19103F-16F7-4668-BE54-9A1E7A4F7556}") = "AW.Domain.UnitTests", "AW.Domain.UnitTests\AW.Domain.UnitTests.csproj", "{E96DF472-A5F9-4F0B-8696-FA928DE80FBE}"
EndProject
Global
	GlobalSection(SolutionConfigurationPlatforms) = preSolution
		Debug|Any CPU = Debug|Any CPU
		Release|Any CPU = Release|Any CPU
	EndGlobalSection
	GlobalSection(ProjectConfigurationPlatforms) = postSolution
		{FB668641-AB90-42F7-AC26-1C9A2BF6458F}.Debug|Any CPU.ActiveCfg = Debug|Any CPU
		{FB668641-AB90-42F7-AC26-1C9A2BF6458F}.Debug|Any CPU.Build.0 = Debug|Any CPU
		{FB668641-AB90-42F7-AC26-1C9A2BF6458F}.Release|Any CPU.ActiveCfg = Release|Any CPU
		{FB668641-AB90-42F7-AC26-1C9A2BF6458F}.Release|Any CPU.Build.0 = Release|Any CPU
		{E96DF472-A5F9-4F0B-8696-FA928DE80FBE}.Debug|Any CPU.ActiveCfg = Debug|Any CPU
		{E96DF472-A5F9-4F0B-8696-FA928DE80FBE}.Debug|Any CPU.Build.0 = Debug|Any CPU
		{E96DF472-A5F9-4F0B-8696-FA928DE80FBE}.Release|Any CPU.ActiveCfg = Release|Any CPU
		{E96DF472-A5F9-4F0B-8696-FA928DE80FBE}.Release|Any CPU.Build.0 = Release|Any CPU
	EndGlobalSection
	GlobalSection(SolutionProperties) = preSolution
		HideSolutionNode = FALSE
	EndGlobalSection
	GlobalSection(ExtensibilityGlobals) = postSolution
		SolutionGuid = {98B41D24-BAF8-4BFB-9AE1-E7C9C3893E98}
	EndGlobalSection
EndGlobal
