
Microsoft Visual Studio Solution File, Format Version 12.00
# Visual Studio Version 16
VisualStudioVersion = 16.0.30330.147
MinimumVisualStudioVersion = 10.0.40219.1
Project("{2150E333-8FDC-42A3-9474-1A3956D46DE8}") = "Persistence", "Persistence", "{6F62C160-8182-41FC-A905-BB7074BF0928}"
EndProject
Project("{2150E333-8FDC-42A3-9474-1A3956D46DE8}") = "Services", "Services", "{26F739B7-1475-403F-941D-5D3DFCF4364F}"
EndProject
Project("{2150E333-8FDC-42A3-9474-1A3956D46DE8}") = "Solution Items", "Solution Items", "{77995D73-7F56-48F4-9E0D-F9FDF1DA54B9}"
	ProjectSection(SolutionItems) = preProject
		..\.gitignore = ..\.gitignore
	EndProjectSection
EndProject
Project("{2150E333-8FDC-42A3-9474-1A3956D46DE8}") = "UI", "UI", "{E79EA578-0E87-4901-B268-05A04EBB3149}"
EndProject
Project("{FAE04EC0-301F-11D3-BF4B-00C04F79EFBC}") = "Ardalis.Specification.EntityFramework", "Persistence\Ardalis.Specification.EntityFramework\Ardalis.Specification.EntityFramework.csproj", "{83EC1015-DF12-445D-B644-B316F1AEDB3A}"
EndProject
Project("{2150E333-8FDC-42A3-9474-1A3956D46DE8}") = "Product", "Product", "{FD5FE5A9-ABC5-4A90-B73B-11CFF0DF8099}"
EndProject
Project("{2150E333-8FDC-42A3-9474-1A3956D46DE8}") = "Customer", "Customer", "{FA336443-2C59-4600-B219-3ED00A1A88E0}"
EndProject
Project("{2150E333-8FDC-42A3-9474-1A3956D46DE8}") = "nginx", "nginx", "{CE96D456-7CB6-4023-83F5-A9E0DA5FB319}"
	ProjectSection(SolutionItems) = preProject
		nginx\nginx.Dockerfile = nginx\nginx.Dockerfile
		nginx\nginx.local.conf = nginx\nginx.local.conf
		nginx\www-local.conf = nginx\www-local.conf
		nginx\www-local.crt = nginx\www-local.crt
		nginx\www-local.key = nginx\www-local.key
		nginx\www-local.pfx = nginx\www-local.pfx
	EndProjectSection
EndProject
Project("{2150E333-8FDC-42A3-9474-1A3956D46DE8}") = "ReferenceData", "ReferenceData", "{20EB3A40-8898-4F77-BCAD-9EA31B1A0DDE}"
EndProject
Project("{2150E333-8FDC-42A3-9474-1A3956D46DE8}") = "SalesPerson", "SalesPerson", "{B4330C9F-8168-4AD7-88BA-7EB463347F36}"
EndProject
Project("{2150E333-8FDC-42A3-9474-1A3956D46DE8}") = "SalesOrder", "SalesOrder", "{9D3187C2-A72B-4AA1-ADE8-23F65D1777B8}"
EndProject
Project("{2150E333-8FDC-42A3-9474-1A3956D46DE8}") = "src", "src", "{22200797-A4AB-4C06-AE01-DED691284FFF}"
EndProject
Project("{2150E333-8FDC-42A3-9474-1A3956D46DE8}") = "tests", "tests", "{6B144CBE-3123-4A2C-BFA5-ED65E1E01FF3}"
EndProject
Project("{9A19103F-16F7-4668-BE54-9A1E7A4F7556}") = "AW.Services.Customer.Infrastructure.EFCore", "Services\Customer\src\AW.Services.Customer.Infrastructure.EFCore\AW.Services.Customer.Infrastructure.EFCore.csproj", "{679AA4FF-C252-4FB7-9FF9-C234E34905AE}"
EndProject
Project("{9A19103F-16F7-4668-BE54-9A1E7A4F7556}") = "AW.Services.Customer.Core", "Services\Customer\src\AW.Services.Customer.Core\AW.Services.Customer.Core.csproj", "{62AEE5B8-5D28-457E-AF0D-C24BC4C47EF3}"
EndProject
Project("{2150E333-8FDC-42A3-9474-1A3956D46DE8}") = "SharedKernel", "SharedKernel", "{957228D9-53D5-4C1C-A8B3-1A355150E39A}"
EndProject
Project("{9A19103F-16F7-4668-BE54-9A1E7A4F7556}") = "AW.SharedKernel", "SharedKernel\AW.SharedKernel\AW.SharedKernel.csproj", "{AAE8419B-3CE8-4A8C-8A2F-4C19E46B0F42}"
EndProject
Project("{FAE04EC0-301F-11D3-BF4B-00C04F79EFBC}") = "AW.SharedKernel.UnitTesting.EF6", "SharedKernel\AW.SharedKernel.UnitTesting.EF6\AW.SharedKernel.UnitTesting.EF6.csproj", "{E4EEEFC6-B831-402A-8409-58D926F693B3}"
EndProject
Project("{9A19103F-16F7-4668-BE54-9A1E7A4F7556}") = "AW.SharedKernel.UnitTests", "SharedKernel\AW.SharedKernel.UnitTests\AW.SharedKernel.UnitTests.csproj", "{87222A0E-5923-4F90-999A-306B8D9EDE16}"
EndProject
Project("{FAE04EC0-301F-11D3-BF4B-00C04F79EFBC}") = "AW.Services.Customer.Infrastructure.EF6", "Services\Customer\src\AW.Services.Customer.Infrastructure.EF6\AW.Services.Customer.Infrastructure.EF6.csproj", "{71C5B0C1-9DFE-4761-9285-B24EA65EC712}"
EndProject
Project("{9A19103F-16F7-4668-BE54-9A1E7A4F7556}") = "AW.Services.Customer.Infrastructure.EFCore.UnitTests", "Services\Customer\tests\AW.Services.Customer.Infrastructure.EFCore.UnitTests\AW.Services.Customer.Infrastructure.EFCore.UnitTests.csproj", "{F1AEA4DC-924C-41BB-9818-886F28F69684}"
EndProject
Project("{FAE04EC0-301F-11D3-BF4B-00C04F79EFBC}") = "AW.Services.Customer.Infrastructure.EF6.UnitTests", "Services\Customer\tests\AW.Services.Customer.Infrastructure.EF6.UnitTests\AW.Services.Customer.Infrastructure.EF6.UnitTests.csproj", "{DE55B8BC-BBCB-42B9-AD6C-8A089E9D1E68}"
EndProject
Project("{9A19103F-16F7-4668-BE54-9A1E7A4F7556}") = "AW.Services.Customer.Core.UnitTests", "Services\Customer\tests\AW.Services.Customer.Core.UnitTests\AW.Services.Customer.Core.UnitTests.csproj", "{898C4B9A-85DF-4076-B808-C78B53505628}"
EndProject
Project("{00D1A9C2-B5F0-4AF3-8072-F6C62B433612}") = "AW.Services.Customer.Database", "Services\Customer\src\AW.Services.Customer.Database\AW.Services.Customer.Database.sqlproj", "{5AE7123F-D503-4182-9D9E-CF9ABD2B8599}"
EndProject
Project("{9A19103F-16F7-4668-BE54-9A1E7A4F7556}") = "AW.Services.Customer.REST.API", "Services\Customer\src\AW.Services.Customer.REST.API\AW.Services.Customer.REST.API.csproj", "{61884E6E-CE06-470E-BC1D-C5D122B85EA9}"
EndProject
Project("{9A19103F-16F7-4668-BE54-9A1E7A4F7556}") = "AW.Services.Customer.REST.API.UnitTests", "Services\Customer\tests\AW.Services.Customer.REST.API.UnitTests\AW.Services.Customer.REST.API.UnitTests.csproj", "{039198B4-316E-4694-B51C-0E8866A755D2}"
EndProject
Project("{FAE04EC0-301F-11D3-BF4B-00C04F79EFBC}") = "AW.Services.Customer.WCF", "Services\Customer\src\AW.Services.Customer.WCF\AW.Services.Customer.WCF.csproj", "{EF000C1F-C1C3-4C21-BC1A-430A87C4E3BC}"
EndProject
Project("{FAE04EC0-301F-11D3-BF4B-00C04F79EFBC}") = "AW.Services.Customer.WCF.UnitTests", "Services\Customer\tests\AW.Services.Customer.WCF.UnitTests\AW.Services.Customer.WCF.UnitTests.csproj", "{CA86395C-59FB-4AC9-94BC-4BAB5971237B}"
EndProject
Project("{2150E333-8FDC-42A3-9474-1A3956D46DE8}") = "src", "src", "{586A91DB-FF50-4E30-845A-53DE3807AE8E}"
EndProject
Project("{2150E333-8FDC-42A3-9474-1A3956D46DE8}") = "tests", "tests", "{7DC82A67-7167-4152-AE26-F103B05C705A}"
EndProject
Project("{9A19103F-16F7-4668-BE54-9A1E7A4F7556}") = "AW.Services.Product.Core", "Services\Product\src\AW.Services.Product.Core\AW.Services.Product.Core.csproj", "{6A681E00-6E8F-4155-901B-8F27F967C962}"
EndProject
Project("{FAE04EC0-301F-11D3-BF4B-00C04F79EFBC}") = "AW.Services.Product.Infrastructure.EF6", "Services\Product\src\AW.Services.Product.Infrastructure.EF6\AW.Services.Product.Infrastructure.EF6.csproj", "{D6AE29A3-D890-4BEA-88D0-A5BC34279000}"
EndProject
Project("{9A19103F-16F7-4668-BE54-9A1E7A4F7556}") = "AW.Services.Product.Infrastructure.EFCore", "Services\Product\src\AW.Services.Product.Infrastructure.EFCore\AW.Services.Product.Infrastructure.EFCore.csproj", "{CC7AC60C-5480-4868-ADC9-07F0FBF63C6A}"
EndProject
Project("{00D1A9C2-B5F0-4AF3-8072-F6C62B433612}") = "AW.Services.Product.Database", "Services\Product\src\AW.Services.Product.Database\AW.Services.Product.Database.sqlproj", "{3FF38B7B-4782-4F69-9C87-DB3D7514FA1F}"
EndProject
Project("{9A19103F-16F7-4668-BE54-9A1E7A4F7556}") = "AW.Services.Product.Core.UnitTests", "Services\Product\tests\AW.Services.Product.Core.UnitTests\AW.Services.Product.Core.UnitTests.csproj", "{8458ECD8-ED2F-4611-8D62-CD2499A59844}"
EndProject
Project("{9A19103F-16F7-4668-BE54-9A1E7A4F7556}") = "AW.Services.Product.Infrastructure.EFCore.UnitTests", "Services\Product\tests\AW.Services.Product.Infrastructure.EFCore.UnitTests\AW.Services.Product.Infrastructure.EFCore.UnitTests.csproj", "{E95232CA-9B58-4B6A-8F06-A68E0C34BE04}"
EndProject
Project("{FAE04EC0-301F-11D3-BF4B-00C04F79EFBC}") = "AW.Services.Product.Infrastructure.EF6.UnitTests", "Services\Product\tests\AW.Services.Product.Infrastructure.EF6.UnitTests\AW.Services.Product.Infrastructure.EF6.UnitTests.csproj", "{04AD59FF-9A43-4F06-97CA-77D15715203B}"
EndProject
Project("{9A19103F-16F7-4668-BE54-9A1E7A4F7556}") = "AW.Services.Product.REST.API", "Services\Product\src\AW.Services.Product.REST.API\AW.Services.Product.REST.API.csproj", "{53C4151D-ED4B-4076-91F0-93130AE0241D}"
EndProject
Project("{FAE04EC0-301F-11D3-BF4B-00C04F79EFBC}") = "AW.Services.Product.WCF", "Services\Product\src\AW.Services.Product.WCF\AW.Services.Product.WCF.csproj", "{09A29990-38AD-46B1-A40B-1A0E479FBAB2}"
EndProject
Project("{9A19103F-16F7-4668-BE54-9A1E7A4F7556}") = "AW.Services.Product.REST.API.UnitTests", "Services\Product\tests\AW.Services.Product.REST.API.UnitTests\AW.Services.Product.REST.API.UnitTests.csproj", "{1F789659-9099-492F-9C21-DD10E7B30A22}"
EndProject
Project("{FAE04EC0-301F-11D3-BF4B-00C04F79EFBC}") = "AW.Services.Product.WCF.UnitTests", "Services\Product\tests\AW.Services.Product.WCF.UnitTests\AW.Services.Product.WCF.UnitTests.csproj", "{F35567DE-A753-46AB-A588-4C3084485CDF}"
EndProject
Project("{2150E333-8FDC-42A3-9474-1A3956D46DE8}") = "src", "src", "{0E062AEC-0C69-47F6-8D58-B8DA85EB40B8}"
EndProject
Project("{2150E333-8FDC-42A3-9474-1A3956D46DE8}") = "tests", "tests", "{C24FC188-C432-4268-A049-EB8527F42AE6}"
EndProject
Project("{9A19103F-16F7-4668-BE54-9A1E7A4F7556}") = "AW.Services.ReferenceData.Core", "Services\ReferenceData\src\AW.Services.ReferenceData.Core\AW.Services.ReferenceData.Core.csproj", "{4CDB5487-379C-4FDA-AF1D-85B33B3A101D}"
EndProject
Project("{FAE04EC0-301F-11D3-BF4B-00C04F79EFBC}") = "AW.Services.ReferenceData.Infrastructure.EF6", "Services\ReferenceData\src\AW.Services.ReferenceData.Infrastructure.EF6\AW.Services.ReferenceData.Infrastructure.EF6.csproj", "{7B30CA41-5F28-49CE-A460-505BCC3D1934}"
EndProject
Project("{9A19103F-16F7-4668-BE54-9A1E7A4F7556}") = "AW.Services.ReferenceData.Infrastructure.EFCore", "Services\ReferenceData\src\AW.Services.ReferenceData.Infrastructure.EFCore\AW.Services.ReferenceData.Infrastructure.EFCore.csproj", "{42D45F3E-0FA9-443D-ACFB-F95148150DC0}"
EndProject
Project("{00D1A9C2-B5F0-4AF3-8072-F6C62B433612}") = "AW.Services.ReferenceData.Database", "Services\ReferenceData\src\AW.Services.ReferenceData.Database\AW.Services.ReferenceData.Database.sqlproj", "{A8EF0E52-F97D-47D8-9453-C7D01F2C7593}"
EndProject
Project("{FAE04EC0-301F-11D3-BF4B-00C04F79EFBC}") = "AW.Services.ReferenceData.Infrastructure.EF6.UnitTests", "Services\ReferenceData\tests\AW.Services.ReferenceData.Infrastructure.EF6.UnitTests\AW.Services.ReferenceData.Infrastructure.EF6.UnitTests.csproj", "{B720B952-A631-4C66-9593-FAF59F728FDE}"
EndProject
Project("{9A19103F-16F7-4668-BE54-9A1E7A4F7556}") = "AW.Services.ReferenceData.Infrastructure.EFCore.UnitTests", "Services\ReferenceData\tests\AW.Services.ReferenceData.Infrastructure.EFCore.UnitTests\AW.Services.ReferenceData.Infrastructure.EFCore.UnitTests.csproj", "{8D5CD1A8-4B77-410E-8326-889FD3FA519B}"
EndProject
Project("{9A19103F-16F7-4668-BE54-9A1E7A4F7556}") = "AW.Services.ReferenceData.Core.UnitTests", "Services\ReferenceData\tests\AW.Services.ReferenceData.Core.UnitTests\AW.Services.ReferenceData.Core.UnitTests.csproj", "{F37EEE72-30DB-4976-A986-C5267EABBDDF}"
EndProject
Project("{9A19103F-16F7-4668-BE54-9A1E7A4F7556}") = "AW.Services.ReferenceData.REST.API", "Services\ReferenceData\src\AW.Services.ReferenceData.REST.API\AW.Services.ReferenceData.REST.API.csproj", "{521A4D20-6295-4E6D-9D89-87C98FD90D13}"
EndProject
Project("{FAE04EC0-301F-11D3-BF4B-00C04F79EFBC}") = "AW.Services.ReferenceData.WCF", "Services\ReferenceData\src\AW.Services.ReferenceData.WCF\AW.Services.ReferenceData.WCF.csproj", "{8594875F-D0AB-439D-AD02-C519B67C7CBF}"
EndProject
Project("{9A19103F-16F7-4668-BE54-9A1E7A4F7556}") = "AW.Services.ReferenceData.REST.API.UnitTests", "Services\ReferenceData\tests\AW.Services.ReferenceData.REST.API.UnitTests\AW.Services.ReferenceData.REST.API.UnitTests.csproj", "{0E5E302F-FEC2-4CAC-B085-5CCA4FFC0153}"
EndProject
Project("{FAE04EC0-301F-11D3-BF4B-00C04F79EFBC}") = "AW.Services.ReferenceData.WCF.UnitTests", "Services\ReferenceData\tests\AW.Services.ReferenceData.WCF.UnitTests\AW.Services.ReferenceData.WCF.UnitTests.csproj", "{89E5AACC-5A45-43BE-8A11-F104BB55FA30}"
EndProject
Project("{2150E333-8FDC-42A3-9474-1A3956D46DE8}") = "src", "src", "{51BFE4C6-00BB-4F14-BA5B-97AC2208D50F}"
EndProject
Project("{2150E333-8FDC-42A3-9474-1A3956D46DE8}") = "tests", "tests", "{7E6C423E-89F9-4A4C-9252-A033B1F420DC}"
EndProject
Project("{9A19103F-16F7-4668-BE54-9A1E7A4F7556}") = "AW.Services.SalesOrder.Core", "Services\SalesOrder\src\AW.Services.SalesOrder.Core\AW.Services.SalesOrder.Core.csproj", "{A5A9F308-B92E-4ED5-B285-3643709EE5D0}"
EndProject
Project("{00D1A9C2-B5F0-4AF3-8072-F6C62B433612}") = "AW.Services.SalesOrder.Database", "Services\SalesOrder\src\AW.Services.SalesOrder.Database\AW.Services.SalesOrder.Database.sqlproj", "{EF97B628-7368-4CE8-ACFC-EDE3BC317395}"
EndProject
Project("{FAE04EC0-301F-11D3-BF4B-00C04F79EFBC}") = "AW.Services.SalesOrder.Infrastructure.EF6", "Services\SalesOrder\src\AW.Services.SalesOrder.Infrastructure.EF6\AW.Services.SalesOrder.Infrastructure.EF6.csproj", "{5022D704-9CC5-4956-A140-1523D6DCB0C6}"
EndProject
Project("{9A19103F-16F7-4668-BE54-9A1E7A4F7556}") = "AW.Services.SalesOrder.Infrastructure.EFCore", "Services\SalesOrder\src\AW.Services.SalesOrder.Infrastructure.EFCore\AW.Services.SalesOrder.Infrastructure.EFCore.csproj", "{D53356A6-3F82-4FAD-BC5A-E046608369E5}"
EndProject
Project("{9A19103F-16F7-4668-BE54-9A1E7A4F7556}") = "AW.Services.SalesOrder.REST.API", "Services\SalesOrder\src\AW.Services.SalesOrder.REST.API\AW.Services.SalesOrder.REST.API.csproj", "{479D6690-824D-425F-A148-75D0DCB10739}"
EndProject
Project("{FAE04EC0-301F-11D3-BF4B-00C04F79EFBC}") = "AW.Services.SalesOrder.WCF", "Services\SalesOrder\src\AW.Services.SalesOrder.WCF\AW.Services.SalesOrder.WCF.csproj", "{A0E2DF0A-0C8A-4B05-992A-EE5CA8855497}"
EndProject
Project("{FAE04EC0-301F-11D3-BF4B-00C04F79EFBC}") = "AW.Services.SalesOrder.Infrastructure.EF6.UnitTests", "Services\SalesOrder\tests\AW.Services.SalesOrder.Infrastructure.EF6.UnitTests\AW.Services.SalesOrder.Infrastructure.EF6.UnitTests.csproj", "{AF59CDE4-EE5A-4D56-AD21-CED816A7A675}"
EndProject
Project("{9A19103F-16F7-4668-BE54-9A1E7A4F7556}") = "AW.Services.SalesOrder.Infrastructure.EFCore.UnitTests", "Services\SalesOrder\tests\AW.Services.SalesOrder.Infrastructure.EFCore.UnitTests\AW.Services.SalesOrder.Infrastructure.EFCore.UnitTests.csproj", "{7D5DA53C-794E-4C31-AC28-183A5EFF932D}"
EndProject
Project("{9A19103F-16F7-4668-BE54-9A1E7A4F7556}") = "AW.Services.SalesOrder.Core.UnitTests", "Services\SalesOrder\tests\AW.Services.SalesOrder.Core.UnitTests\AW.Services.SalesOrder.Core.UnitTests.csproj", "{929E1C6F-0B88-48C0-9446-6788967662DD}"
EndProject
Project("{9A19103F-16F7-4668-BE54-9A1E7A4F7556}") = "AW.Services.SalesOrder.REST.API.UnitTests", "Services\SalesOrder\tests\AW.Services.SalesOrder.REST.API.UnitTests\AW.Services.SalesOrder.REST.API.UnitTests.csproj", "{2FDBBAAA-5C7C-425B-83CC-59E43CC4C113}"
EndProject
Project("{FAE04EC0-301F-11D3-BF4B-00C04F79EFBC}") = "AW.Services.SalesOrder.WCF.UnitTests", "Services\SalesOrder\tests\AW.Services.SalesOrder.WCF.UnitTests\AW.Services.SalesOrder.WCF.UnitTests.csproj", "{60B77206-E508-4092-A510-B65D11D1FFF5}"
EndProject
Project("{2150E333-8FDC-42A3-9474-1A3956D46DE8}") = "src", "src", "{3B1176FD-A444-40FD-AA55-BA805F1CAC96}"
EndProject
Project("{2150E333-8FDC-42A3-9474-1A3956D46DE8}") = "tests", "tests", "{056C2C0D-1975-4DAD-B902-E3A662879DAD}"
EndProject
Project("{FAE04EC0-301F-11D3-BF4B-00C04F79EFBC}") = "AW.Services.SalesPerson.Infrastructure.EF6", "Services\SalesPerson\src\AW.Services.SalesPerson.Infrastructure.EF6\AW.Services.SalesPerson.Infrastructure.EF6.csproj", "{62A6B35F-0B51-4F26-B9E8-C1DAE5F21C40}"
EndProject
Project("{9A19103F-16F7-4668-BE54-9A1E7A4F7556}") = "AW.Services.SalesPerson.Infrastructure.EFCore", "Services\SalesPerson\src\AW.Services.SalesPerson.Infrastructure.EFCore\AW.Services.SalesPerson.Infrastructure.EFCore.csproj", "{321E5250-7ED9-4F23-98F0-B7E41E1B40FE}"
EndProject
Project("{9A19103F-16F7-4668-BE54-9A1E7A4F7556}") = "AW.Services.SalesPerson.Core", "Services\SalesPerson\src\AW.Services.SalesPerson.Core\AW.Services.SalesPerson.Core.csproj", "{D473A446-4CEA-4002-BABC-11C27761506F}"
EndProject
Project("{9A19103F-16F7-4668-BE54-9A1E7A4F7556}") = "AW.Services.SalesPerson.REST.API", "Services\SalesPerson\src\AW.Services.SalesPerson.REST.API\AW.Services.SalesPerson.REST.API.csproj", "{4CB3F802-FC4E-416D-A1B7-8CD63BD4E170}"
EndProject
Project("{FAE04EC0-301F-11D3-BF4B-00C04F79EFBC}") = "AW.Services.SalesPerson.WCF", "Services\SalesPerson\src\AW.Services.SalesPerson.WCF\AW.Services.SalesPerson.WCF.csproj", "{8C47E0CB-ACB9-4B49-9F0B-ED6780316E5A}"
EndProject
Project("{9A19103F-16F7-4668-BE54-9A1E7A4F7556}") = "AW.Services.SalesPerson.Core.UnitTests", "Services\SalesPerson\tests\AW.Services.SalesPerson.Core.UnitTests\AW.Services.SalesPerson.Core.UnitTests.csproj", "{F4A3812C-428F-4153-970C-551BB145DB05}"
EndProject
Project("{00D1A9C2-B5F0-4AF3-8072-F6C62B433612}") = "AW.Services.SalesPerson.Database", "Services\SalesPerson\src\AW.Services.SalesPerson.Database\AW.Services.SalesPerson.Database.sqlproj", "{2F4E70F5-33FE-4317-BCC7-15F04B573A62}"
EndProject
Project("{FAE04EC0-301F-11D3-BF4B-00C04F79EFBC}") = "AW.Services.SalesPerson.Infrastructure.EF6.UnitTests", "Services\SalesPerson\tests\AW.Services.SalesPerson.Infrastructure.EF6.UnitTests\AW.Services.SalesPerson.Infrastructure.EF6.UnitTests.csproj", "{13F67C91-9B4D-41C9-A0F9-4D62703DEB38}"
EndProject
Project("{9A19103F-16F7-4668-BE54-9A1E7A4F7556}") = "AW.Services.SalesPerson.Infrastructure.EFCore.UnitTests", "Services\SalesPerson\tests\AW.Services.SalesPerson.Infrastructure.EFCore.UnitTests\AW.Services.SalesPerson.Infrastructure.EFCore.UnitTests.csproj", "{247B381F-917C-4E53-AED1-675ACBC83BB4}"
EndProject
Project("{9A19103F-16F7-4668-BE54-9A1E7A4F7556}") = "AW.Services.SalesPerson.REST.API.UnitTests", "Services\SalesPerson\tests\AW.Services.SalesPerson.REST.API.UnitTests\AW.Services.SalesPerson.REST.API.UnitTests.csproj", "{51758CA9-4354-42E8-B3EE-72FE872406C6}"
EndProject
Project("{FAE04EC0-301F-11D3-BF4B-00C04F79EFBC}") = "AW.Services.SalesPerson.WCF.UnitTests", "Services\SalesPerson\tests\AW.Services.SalesPerson.WCF.UnitTests\AW.Services.SalesPerson.WCF.UnitTests.csproj", "{0E323F81-9C74-41BA-856D-7B8377C056E2}"
EndProject
Project("{2150E333-8FDC-42A3-9474-1A3956D46DE8}") = "src", "src", "{F2EA3CB3-7DCF-41B0-BFE0-D390348A32D6}"
EndProject
Project("{2150E333-8FDC-42A3-9474-1A3956D46DE8}") = "tests", "tests", "{8EC1E34E-0250-4AEA-A5DC-E4B33BD339C6}"
EndProject
Project("{9A19103F-16F7-4668-BE54-9A1E7A4F7556}") = "AW.UI.Web.Infrastructure", "UI\src\AW.UI.Web.Infrastructure\AW.UI.Web.Infrastructure.csproj", "{2DB8AA85-A229-48C4-A1F9-A0D28A62EBBD}"
EndProject
Project("{9A19103F-16F7-4668-BE54-9A1E7A4F7556}") = "AW.UI.Web.Internal", "UI\src\AW.UI.Web.Internal\AW.UI.Web.Internal.csproj", "{F0BB4095-132D-4A5E-BFD1-0FC5EDDEF2F1}"
EndProject
Project("{9A19103F-16F7-4668-BE54-9A1E7A4F7556}") = "AW.UI.Web.Store", "UI\src\AW.UI.Web.Store\AW.UI.Web.Store.csproj", "{A7D602C6-4D09-4823-87FF-36589A1B01FE}"
EndProject
Project("{9A19103F-16F7-4668-BE54-9A1E7A4F7556}") = "AW.UI.Web.Infrastructure.UnitTests", "UI\tests\AW.UI.Web.Infrastructure.UnitTests\AW.UI.Web.Infrastructure.UnitTests.csproj", "{BF110874-A5F4-4B07-92C1-C8E2FB55F1AA}"
EndProject
Project("{9A19103F-16F7-4668-BE54-9A1E7A4F7556}") = "AW.UI.Web.Internal.UnitTests", "UI\tests\AW.UI.Web.Internal.UnitTests\AW.UI.Web.Internal.UnitTests.csproj", "{F2138473-3398-409C-8B3B-9315E40CAE36}"
EndProject
Project("{9A19103F-16F7-4668-BE54-9A1E7A4F7556}") = "AW.UI.Web.Store.UnitTests", "UI\tests\AW.UI.Web.Store.UnitTests\AW.UI.Web.Store.UnitTests.csproj", "{5FF9897D-4FE5-4341-97D9-9CC97D6615DE}"
EndProject
Project("{9A19103F-16F7-4668-BE54-9A1E7A4F7556}") = "AW.SharedKernel.UnitTesting", "SharedKernel\AW.SharedKernel.UnitTesting\AW.SharedKernel.UnitTesting.csproj", "{41F39CAE-50F1-4018-8256-6BE40FE0A768}"
EndProject
Project("{9A19103F-16F7-4668-BE54-9A1E7A4F7556}") = "AW.Services.IdentityServer", "Services\IdentityServer\src\AW.Services.IdentityServer\AW.Services.IdentityServer.csproj", "{E18CC675-B1E6-4518-AC73-B2FC02F17C40}"
EndProject
Project("{2150E333-8FDC-42A3-9474-1A3956D46DE8}") = "IdentityServer", "IdentityServer", "{94EEB5A7-4064-4F0A-B180-A06A74BA1F76}"
EndProject
Project("{2150E333-8FDC-42A3-9474-1A3956D46DE8}") = "src", "src", "{4CA4DA3B-15EC-4E55-91D8-86EDE3AF6AD4}"
EndProject
Project("{E53339B2-1760-4266-BCC7-CA923CBCF16C}") = "docker-compose", "docker-compose.dcproj", "{6E312887-2C0F-48E9-BAC3-CCEDA90DBAAF}"
EndProject
Project("{FAE04EC0-301F-11D3-BF4B-00C04F79EFBC}") = "AW.SharedKernel.Api", "SharedKernel\AW.SharedKernel.Api\AW.SharedKernel.Api.csproj", "{8AB8C5A2-0A80-4F21-8F30-EDD12F48B33F}"
EndProject
Global
	GlobalSection(SolutionConfigurationPlatforms) = preSolution
		Debug|Any CPU = Debug|Any CPU
		Release|Any CPU = Release|Any CPU
	EndGlobalSection
	GlobalSection(ProjectConfigurationPlatforms) = postSolution
		{83EC1015-DF12-445D-B644-B316F1AEDB3A}.Debug|Any CPU.ActiveCfg = Debug|Any CPU
		{83EC1015-DF12-445D-B644-B316F1AEDB3A}.Debug|Any CPU.Build.0 = Debug|Any CPU
		{83EC1015-DF12-445D-B644-B316F1AEDB3A}.Release|Any CPU.ActiveCfg = Release|Any CPU
		{83EC1015-DF12-445D-B644-B316F1AEDB3A}.Release|Any CPU.Build.0 = Release|Any CPU
		{679AA4FF-C252-4FB7-9FF9-C234E34905AE}.Debug|Any CPU.ActiveCfg = Debug|Any CPU
		{679AA4FF-C252-4FB7-9FF9-C234E34905AE}.Debug|Any CPU.Build.0 = Debug|Any CPU
		{679AA4FF-C252-4FB7-9FF9-C234E34905AE}.Release|Any CPU.ActiveCfg = Release|Any CPU
		{679AA4FF-C252-4FB7-9FF9-C234E34905AE}.Release|Any CPU.Build.0 = Release|Any CPU
		{62AEE5B8-5D28-457E-AF0D-C24BC4C47EF3}.Debug|Any CPU.ActiveCfg = Debug|Any CPU
		{62AEE5B8-5D28-457E-AF0D-C24BC4C47EF3}.Debug|Any CPU.Build.0 = Debug|Any CPU
		{62AEE5B8-5D28-457E-AF0D-C24BC4C47EF3}.Release|Any CPU.ActiveCfg = Release|Any CPU
		{62AEE5B8-5D28-457E-AF0D-C24BC4C47EF3}.Release|Any CPU.Build.0 = Release|Any CPU
		{AAE8419B-3CE8-4A8C-8A2F-4C19E46B0F42}.Debug|Any CPU.ActiveCfg = Debug|Any CPU
		{AAE8419B-3CE8-4A8C-8A2F-4C19E46B0F42}.Debug|Any CPU.Build.0 = Debug|Any CPU
		{AAE8419B-3CE8-4A8C-8A2F-4C19E46B0F42}.Release|Any CPU.ActiveCfg = Release|Any CPU
		{AAE8419B-3CE8-4A8C-8A2F-4C19E46B0F42}.Release|Any CPU.Build.0 = Release|Any CPU
		{E4EEEFC6-B831-402A-8409-58D926F693B3}.Debug|Any CPU.ActiveCfg = Debug|Any CPU
		{E4EEEFC6-B831-402A-8409-58D926F693B3}.Debug|Any CPU.Build.0 = Debug|Any CPU
		{E4EEEFC6-B831-402A-8409-58D926F693B3}.Release|Any CPU.ActiveCfg = Release|Any CPU
		{E4EEEFC6-B831-402A-8409-58D926F693B3}.Release|Any CPU.Build.0 = Release|Any CPU
		{87222A0E-5923-4F90-999A-306B8D9EDE16}.Debug|Any CPU.ActiveCfg = Debug|Any CPU
		{87222A0E-5923-4F90-999A-306B8D9EDE16}.Debug|Any CPU.Build.0 = Debug|Any CPU
		{87222A0E-5923-4F90-999A-306B8D9EDE16}.Release|Any CPU.ActiveCfg = Release|Any CPU
		{87222A0E-5923-4F90-999A-306B8D9EDE16}.Release|Any CPU.Build.0 = Release|Any CPU
		{71C5B0C1-9DFE-4761-9285-B24EA65EC712}.Debug|Any CPU.ActiveCfg = Debug|Any CPU
		{71C5B0C1-9DFE-4761-9285-B24EA65EC712}.Debug|Any CPU.Build.0 = Debug|Any CPU
		{71C5B0C1-9DFE-4761-9285-B24EA65EC712}.Release|Any CPU.ActiveCfg = Release|Any CPU
		{71C5B0C1-9DFE-4761-9285-B24EA65EC712}.Release|Any CPU.Build.0 = Release|Any CPU
		{F1AEA4DC-924C-41BB-9818-886F28F69684}.Debug|Any CPU.ActiveCfg = Debug|Any CPU
		{F1AEA4DC-924C-41BB-9818-886F28F69684}.Debug|Any CPU.Build.0 = Debug|Any CPU
		{F1AEA4DC-924C-41BB-9818-886F28F69684}.Release|Any CPU.ActiveCfg = Release|Any CPU
		{F1AEA4DC-924C-41BB-9818-886F28F69684}.Release|Any CPU.Build.0 = Release|Any CPU
		{DE55B8BC-BBCB-42B9-AD6C-8A089E9D1E68}.Debug|Any CPU.ActiveCfg = Debug|Any CPU
		{DE55B8BC-BBCB-42B9-AD6C-8A089E9D1E68}.Debug|Any CPU.Build.0 = Debug|Any CPU
		{DE55B8BC-BBCB-42B9-AD6C-8A089E9D1E68}.Release|Any CPU.ActiveCfg = Release|Any CPU
		{DE55B8BC-BBCB-42B9-AD6C-8A089E9D1E68}.Release|Any CPU.Build.0 = Release|Any CPU
		{898C4B9A-85DF-4076-B808-C78B53505628}.Debug|Any CPU.ActiveCfg = Debug|Any CPU
		{898C4B9A-85DF-4076-B808-C78B53505628}.Debug|Any CPU.Build.0 = Debug|Any CPU
		{898C4B9A-85DF-4076-B808-C78B53505628}.Release|Any CPU.ActiveCfg = Release|Any CPU
		{898C4B9A-85DF-4076-B808-C78B53505628}.Release|Any CPU.Build.0 = Release|Any CPU
		{5AE7123F-D503-4182-9D9E-CF9ABD2B8599}.Debug|Any CPU.ActiveCfg = Debug|Any CPU
		{5AE7123F-D503-4182-9D9E-CF9ABD2B8599}.Debug|Any CPU.Build.0 = Debug|Any CPU
		{5AE7123F-D503-4182-9D9E-CF9ABD2B8599}.Debug|Any CPU.Deploy.0 = Debug|Any CPU
		{5AE7123F-D503-4182-9D9E-CF9ABD2B8599}.Release|Any CPU.ActiveCfg = Release|Any CPU
		{5AE7123F-D503-4182-9D9E-CF9ABD2B8599}.Release|Any CPU.Build.0 = Release|Any CPU
		{5AE7123F-D503-4182-9D9E-CF9ABD2B8599}.Release|Any CPU.Deploy.0 = Release|Any CPU
		{61884E6E-CE06-470E-BC1D-C5D122B85EA9}.Debug|Any CPU.ActiveCfg = Debug|Any CPU
		{61884E6E-CE06-470E-BC1D-C5D122B85EA9}.Debug|Any CPU.Build.0 = Debug|Any CPU
		{61884E6E-CE06-470E-BC1D-C5D122B85EA9}.Release|Any CPU.ActiveCfg = Release|Any CPU
		{61884E6E-CE06-470E-BC1D-C5D122B85EA9}.Release|Any CPU.Build.0 = Release|Any CPU
		{039198B4-316E-4694-B51C-0E8866A755D2}.Debug|Any CPU.ActiveCfg = Debug|Any CPU
		{039198B4-316E-4694-B51C-0E8866A755D2}.Debug|Any CPU.Build.0 = Debug|Any CPU
		{039198B4-316E-4694-B51C-0E8866A755D2}.Release|Any CPU.ActiveCfg = Release|Any CPU
		{039198B4-316E-4694-B51C-0E8866A755D2}.Release|Any CPU.Build.0 = Release|Any CPU
		{EF000C1F-C1C3-4C21-BC1A-430A87C4E3BC}.Debug|Any CPU.ActiveCfg = Debug|Any CPU
		{EF000C1F-C1C3-4C21-BC1A-430A87C4E3BC}.Debug|Any CPU.Build.0 = Debug|Any CPU
		{EF000C1F-C1C3-4C21-BC1A-430A87C4E3BC}.Release|Any CPU.ActiveCfg = Release|Any CPU
		{EF000C1F-C1C3-4C21-BC1A-430A87C4E3BC}.Release|Any CPU.Build.0 = Release|Any CPU
		{CA86395C-59FB-4AC9-94BC-4BAB5971237B}.Debug|Any CPU.ActiveCfg = Debug|Any CPU
		{CA86395C-59FB-4AC9-94BC-4BAB5971237B}.Debug|Any CPU.Build.0 = Debug|Any CPU
		{CA86395C-59FB-4AC9-94BC-4BAB5971237B}.Release|Any CPU.ActiveCfg = Release|Any CPU
		{CA86395C-59FB-4AC9-94BC-4BAB5971237B}.Release|Any CPU.Build.0 = Release|Any CPU
		{6A681E00-6E8F-4155-901B-8F27F967C962}.Debug|Any CPU.ActiveCfg = Debug|Any CPU
		{6A681E00-6E8F-4155-901B-8F27F967C962}.Debug|Any CPU.Build.0 = Debug|Any CPU
		{6A681E00-6E8F-4155-901B-8F27F967C962}.Release|Any CPU.ActiveCfg = Release|Any CPU
		{6A681E00-6E8F-4155-901B-8F27F967C962}.Release|Any CPU.Build.0 = Release|Any CPU
		{D6AE29A3-D890-4BEA-88D0-A5BC34279000}.Debug|Any CPU.ActiveCfg = Debug|Any CPU
		{D6AE29A3-D890-4BEA-88D0-A5BC34279000}.Debug|Any CPU.Build.0 = Debug|Any CPU
		{D6AE29A3-D890-4BEA-88D0-A5BC34279000}.Release|Any CPU.ActiveCfg = Release|Any CPU
		{D6AE29A3-D890-4BEA-88D0-A5BC34279000}.Release|Any CPU.Build.0 = Release|Any CPU
		{CC7AC60C-5480-4868-ADC9-07F0FBF63C6A}.Debug|Any CPU.ActiveCfg = Debug|Any CPU
		{CC7AC60C-5480-4868-ADC9-07F0FBF63C6A}.Debug|Any CPU.Build.0 = Debug|Any CPU
		{CC7AC60C-5480-4868-ADC9-07F0FBF63C6A}.Release|Any CPU.ActiveCfg = Release|Any CPU
		{CC7AC60C-5480-4868-ADC9-07F0FBF63C6A}.Release|Any CPU.Build.0 = Release|Any CPU
		{3FF38B7B-4782-4F69-9C87-DB3D7514FA1F}.Debug|Any CPU.ActiveCfg = Debug|Any CPU
		{3FF38B7B-4782-4F69-9C87-DB3D7514FA1F}.Debug|Any CPU.Build.0 = Debug|Any CPU
		{3FF38B7B-4782-4F69-9C87-DB3D7514FA1F}.Debug|Any CPU.Deploy.0 = Debug|Any CPU
		{3FF38B7B-4782-4F69-9C87-DB3D7514FA1F}.Release|Any CPU.ActiveCfg = Release|Any CPU
		{3FF38B7B-4782-4F69-9C87-DB3D7514FA1F}.Release|Any CPU.Build.0 = Release|Any CPU
		{3FF38B7B-4782-4F69-9C87-DB3D7514FA1F}.Release|Any CPU.Deploy.0 = Release|Any CPU
		{8458ECD8-ED2F-4611-8D62-CD2499A59844}.Debug|Any CPU.ActiveCfg = Debug|Any CPU
		{8458ECD8-ED2F-4611-8D62-CD2499A59844}.Debug|Any CPU.Build.0 = Debug|Any CPU
		{8458ECD8-ED2F-4611-8D62-CD2499A59844}.Release|Any CPU.ActiveCfg = Release|Any CPU
		{8458ECD8-ED2F-4611-8D62-CD2499A59844}.Release|Any CPU.Build.0 = Release|Any CPU
		{E95232CA-9B58-4B6A-8F06-A68E0C34BE04}.Debug|Any CPU.ActiveCfg = Debug|Any CPU
		{E95232CA-9B58-4B6A-8F06-A68E0C34BE04}.Debug|Any CPU.Build.0 = Debug|Any CPU
		{E95232CA-9B58-4B6A-8F06-A68E0C34BE04}.Release|Any CPU.ActiveCfg = Release|Any CPU
		{E95232CA-9B58-4B6A-8F06-A68E0C34BE04}.Release|Any CPU.Build.0 = Release|Any CPU
		{04AD59FF-9A43-4F06-97CA-77D15715203B}.Debug|Any CPU.ActiveCfg = Debug|Any CPU
		{04AD59FF-9A43-4F06-97CA-77D15715203B}.Debug|Any CPU.Build.0 = Debug|Any CPU
		{04AD59FF-9A43-4F06-97CA-77D15715203B}.Release|Any CPU.ActiveCfg = Release|Any CPU
		{04AD59FF-9A43-4F06-97CA-77D15715203B}.Release|Any CPU.Build.0 = Release|Any CPU
		{53C4151D-ED4B-4076-91F0-93130AE0241D}.Debug|Any CPU.ActiveCfg = Debug|Any CPU
		{53C4151D-ED4B-4076-91F0-93130AE0241D}.Debug|Any CPU.Build.0 = Debug|Any CPU
		{53C4151D-ED4B-4076-91F0-93130AE0241D}.Release|Any CPU.ActiveCfg = Release|Any CPU
		{53C4151D-ED4B-4076-91F0-93130AE0241D}.Release|Any CPU.Build.0 = Release|Any CPU
		{09A29990-38AD-46B1-A40B-1A0E479FBAB2}.Debug|Any CPU.ActiveCfg = Debug|Any CPU
		{09A29990-38AD-46B1-A40B-1A0E479FBAB2}.Debug|Any CPU.Build.0 = Debug|Any CPU
		{09A29990-38AD-46B1-A40B-1A0E479FBAB2}.Release|Any CPU.ActiveCfg = Release|Any CPU
		{09A29990-38AD-46B1-A40B-1A0E479FBAB2}.Release|Any CPU.Build.0 = Release|Any CPU
		{1F789659-9099-492F-9C21-DD10E7B30A22}.Debug|Any CPU.ActiveCfg = Debug|Any CPU
		{1F789659-9099-492F-9C21-DD10E7B30A22}.Debug|Any CPU.Build.0 = Debug|Any CPU
		{1F789659-9099-492F-9C21-DD10E7B30A22}.Release|Any CPU.ActiveCfg = Release|Any CPU
		{1F789659-9099-492F-9C21-DD10E7B30A22}.Release|Any CPU.Build.0 = Release|Any CPU
		{F35567DE-A753-46AB-A588-4C3084485CDF}.Debug|Any CPU.ActiveCfg = Debug|Any CPU
		{F35567DE-A753-46AB-A588-4C3084485CDF}.Debug|Any CPU.Build.0 = Debug|Any CPU
		{F35567DE-A753-46AB-A588-4C3084485CDF}.Release|Any CPU.ActiveCfg = Release|Any CPU
		{F35567DE-A753-46AB-A588-4C3084485CDF}.Release|Any CPU.Build.0 = Release|Any CPU
		{4CDB5487-379C-4FDA-AF1D-85B33B3A101D}.Debug|Any CPU.ActiveCfg = Debug|Any CPU
		{4CDB5487-379C-4FDA-AF1D-85B33B3A101D}.Debug|Any CPU.Build.0 = Debug|Any CPU
		{4CDB5487-379C-4FDA-AF1D-85B33B3A101D}.Release|Any CPU.ActiveCfg = Release|Any CPU
		{4CDB5487-379C-4FDA-AF1D-85B33B3A101D}.Release|Any CPU.Build.0 = Release|Any CPU
		{7B30CA41-5F28-49CE-A460-505BCC3D1934}.Debug|Any CPU.ActiveCfg = Debug|Any CPU
		{7B30CA41-5F28-49CE-A460-505BCC3D1934}.Debug|Any CPU.Build.0 = Debug|Any CPU
		{7B30CA41-5F28-49CE-A460-505BCC3D1934}.Release|Any CPU.ActiveCfg = Release|Any CPU
		{7B30CA41-5F28-49CE-A460-505BCC3D1934}.Release|Any CPU.Build.0 = Release|Any CPU
		{42D45F3E-0FA9-443D-ACFB-F95148150DC0}.Debug|Any CPU.ActiveCfg = Debug|Any CPU
		{42D45F3E-0FA9-443D-ACFB-F95148150DC0}.Debug|Any CPU.Build.0 = Debug|Any CPU
		{42D45F3E-0FA9-443D-ACFB-F95148150DC0}.Release|Any CPU.ActiveCfg = Release|Any CPU
		{42D45F3E-0FA9-443D-ACFB-F95148150DC0}.Release|Any CPU.Build.0 = Release|Any CPU
		{A8EF0E52-F97D-47D8-9453-C7D01F2C7593}.Debug|Any CPU.ActiveCfg = Debug|Any CPU
		{A8EF0E52-F97D-47D8-9453-C7D01F2C7593}.Debug|Any CPU.Build.0 = Debug|Any CPU
		{A8EF0E52-F97D-47D8-9453-C7D01F2C7593}.Debug|Any CPU.Deploy.0 = Debug|Any CPU
		{A8EF0E52-F97D-47D8-9453-C7D01F2C7593}.Release|Any CPU.ActiveCfg = Release|Any CPU
		{A8EF0E52-F97D-47D8-9453-C7D01F2C7593}.Release|Any CPU.Build.0 = Release|Any CPU
		{A8EF0E52-F97D-47D8-9453-C7D01F2C7593}.Release|Any CPU.Deploy.0 = Release|Any CPU
		{B720B952-A631-4C66-9593-FAF59F728FDE}.Debug|Any CPU.ActiveCfg = Debug|Any CPU
		{B720B952-A631-4C66-9593-FAF59F728FDE}.Debug|Any CPU.Build.0 = Debug|Any CPU
		{B720B952-A631-4C66-9593-FAF59F728FDE}.Release|Any CPU.ActiveCfg = Release|Any CPU
		{B720B952-A631-4C66-9593-FAF59F728FDE}.Release|Any CPU.Build.0 = Release|Any CPU
		{8D5CD1A8-4B77-410E-8326-889FD3FA519B}.Debug|Any CPU.ActiveCfg = Debug|Any CPU
		{8D5CD1A8-4B77-410E-8326-889FD3FA519B}.Debug|Any CPU.Build.0 = Debug|Any CPU
		{8D5CD1A8-4B77-410E-8326-889FD3FA519B}.Release|Any CPU.ActiveCfg = Release|Any CPU
		{8D5CD1A8-4B77-410E-8326-889FD3FA519B}.Release|Any CPU.Build.0 = Release|Any CPU
		{F37EEE72-30DB-4976-A986-C5267EABBDDF}.Debug|Any CPU.ActiveCfg = Debug|Any CPU
		{F37EEE72-30DB-4976-A986-C5267EABBDDF}.Debug|Any CPU.Build.0 = Debug|Any CPU
		{F37EEE72-30DB-4976-A986-C5267EABBDDF}.Release|Any CPU.ActiveCfg = Release|Any CPU
		{F37EEE72-30DB-4976-A986-C5267EABBDDF}.Release|Any CPU.Build.0 = Release|Any CPU
		{521A4D20-6295-4E6D-9D89-87C98FD90D13}.Debug|Any CPU.ActiveCfg = Debug|Any CPU
		{521A4D20-6295-4E6D-9D89-87C98FD90D13}.Debug|Any CPU.Build.0 = Debug|Any CPU
		{521A4D20-6295-4E6D-9D89-87C98FD90D13}.Release|Any CPU.ActiveCfg = Release|Any CPU
		{521A4D20-6295-4E6D-9D89-87C98FD90D13}.Release|Any CPU.Build.0 = Release|Any CPU
		{8594875F-D0AB-439D-AD02-C519B67C7CBF}.Debug|Any CPU.ActiveCfg = Debug|Any CPU
		{8594875F-D0AB-439D-AD02-C519B67C7CBF}.Debug|Any CPU.Build.0 = Debug|Any CPU
		{8594875F-D0AB-439D-AD02-C519B67C7CBF}.Release|Any CPU.ActiveCfg = Release|Any CPU
		{8594875F-D0AB-439D-AD02-C519B67C7CBF}.Release|Any CPU.Build.0 = Release|Any CPU
		{0E5E302F-FEC2-4CAC-B085-5CCA4FFC0153}.Debug|Any CPU.ActiveCfg = Debug|Any CPU
		{0E5E302F-FEC2-4CAC-B085-5CCA4FFC0153}.Debug|Any CPU.Build.0 = Debug|Any CPU
		{0E5E302F-FEC2-4CAC-B085-5CCA4FFC0153}.Release|Any CPU.ActiveCfg = Release|Any CPU
		{0E5E302F-FEC2-4CAC-B085-5CCA4FFC0153}.Release|Any CPU.Build.0 = Release|Any CPU
		{89E5AACC-5A45-43BE-8A11-F104BB55FA30}.Debug|Any CPU.ActiveCfg = Debug|Any CPU
		{89E5AACC-5A45-43BE-8A11-F104BB55FA30}.Debug|Any CPU.Build.0 = Debug|Any CPU
		{89E5AACC-5A45-43BE-8A11-F104BB55FA30}.Release|Any CPU.ActiveCfg = Release|Any CPU
		{89E5AACC-5A45-43BE-8A11-F104BB55FA30}.Release|Any CPU.Build.0 = Release|Any CPU
		{A5A9F308-B92E-4ED5-B285-3643709EE5D0}.Debug|Any CPU.ActiveCfg = Debug|Any CPU
		{A5A9F308-B92E-4ED5-B285-3643709EE5D0}.Debug|Any CPU.Build.0 = Debug|Any CPU
		{A5A9F308-B92E-4ED5-B285-3643709EE5D0}.Release|Any CPU.ActiveCfg = Release|Any CPU
		{A5A9F308-B92E-4ED5-B285-3643709EE5D0}.Release|Any CPU.Build.0 = Release|Any CPU
		{EF97B628-7368-4CE8-ACFC-EDE3BC317395}.Debug|Any CPU.ActiveCfg = Debug|Any CPU
		{EF97B628-7368-4CE8-ACFC-EDE3BC317395}.Debug|Any CPU.Build.0 = Debug|Any CPU
		{EF97B628-7368-4CE8-ACFC-EDE3BC317395}.Debug|Any CPU.Deploy.0 = Debug|Any CPU
		{EF97B628-7368-4CE8-ACFC-EDE3BC317395}.Release|Any CPU.ActiveCfg = Release|Any CPU
		{EF97B628-7368-4CE8-ACFC-EDE3BC317395}.Release|Any CPU.Build.0 = Release|Any CPU
		{EF97B628-7368-4CE8-ACFC-EDE3BC317395}.Release|Any CPU.Deploy.0 = Release|Any CPU
		{5022D704-9CC5-4956-A140-1523D6DCB0C6}.Debug|Any CPU.ActiveCfg = Debug|Any CPU
		{5022D704-9CC5-4956-A140-1523D6DCB0C6}.Debug|Any CPU.Build.0 = Debug|Any CPU
		{5022D704-9CC5-4956-A140-1523D6DCB0C6}.Release|Any CPU.ActiveCfg = Release|Any CPU
		{5022D704-9CC5-4956-A140-1523D6DCB0C6}.Release|Any CPU.Build.0 = Release|Any CPU
		{D53356A6-3F82-4FAD-BC5A-E046608369E5}.Debug|Any CPU.ActiveCfg = Debug|Any CPU
		{D53356A6-3F82-4FAD-BC5A-E046608369E5}.Debug|Any CPU.Build.0 = Debug|Any CPU
		{D53356A6-3F82-4FAD-BC5A-E046608369E5}.Release|Any CPU.ActiveCfg = Release|Any CPU
		{D53356A6-3F82-4FAD-BC5A-E046608369E5}.Release|Any CPU.Build.0 = Release|Any CPU
		{479D6690-824D-425F-A148-75D0DCB10739}.Debug|Any CPU.ActiveCfg = Debug|Any CPU
		{479D6690-824D-425F-A148-75D0DCB10739}.Debug|Any CPU.Build.0 = Debug|Any CPU
		{479D6690-824D-425F-A148-75D0DCB10739}.Release|Any CPU.ActiveCfg = Release|Any CPU
		{479D6690-824D-425F-A148-75D0DCB10739}.Release|Any CPU.Build.0 = Release|Any CPU
		{A0E2DF0A-0C8A-4B05-992A-EE5CA8855497}.Debug|Any CPU.ActiveCfg = Debug|Any CPU
		{A0E2DF0A-0C8A-4B05-992A-EE5CA8855497}.Debug|Any CPU.Build.0 = Debug|Any CPU
		{A0E2DF0A-0C8A-4B05-992A-EE5CA8855497}.Release|Any CPU.ActiveCfg = Release|Any CPU
		{A0E2DF0A-0C8A-4B05-992A-EE5CA8855497}.Release|Any CPU.Build.0 = Release|Any CPU
		{AF59CDE4-EE5A-4D56-AD21-CED816A7A675}.Debug|Any CPU.ActiveCfg = Debug|Any CPU
		{AF59CDE4-EE5A-4D56-AD21-CED816A7A675}.Debug|Any CPU.Build.0 = Debug|Any CPU
		{AF59CDE4-EE5A-4D56-AD21-CED816A7A675}.Release|Any CPU.ActiveCfg = Release|Any CPU
		{AF59CDE4-EE5A-4D56-AD21-CED816A7A675}.Release|Any CPU.Build.0 = Release|Any CPU
		{7D5DA53C-794E-4C31-AC28-183A5EFF932D}.Debug|Any CPU.ActiveCfg = Debug|Any CPU
		{7D5DA53C-794E-4C31-AC28-183A5EFF932D}.Debug|Any CPU.Build.0 = Debug|Any CPU
		{7D5DA53C-794E-4C31-AC28-183A5EFF932D}.Release|Any CPU.ActiveCfg = Release|Any CPU
		{7D5DA53C-794E-4C31-AC28-183A5EFF932D}.Release|Any CPU.Build.0 = Release|Any CPU
		{929E1C6F-0B88-48C0-9446-6788967662DD}.Debug|Any CPU.ActiveCfg = Debug|Any CPU
		{929E1C6F-0B88-48C0-9446-6788967662DD}.Debug|Any CPU.Build.0 = Debug|Any CPU
		{929E1C6F-0B88-48C0-9446-6788967662DD}.Release|Any CPU.ActiveCfg = Release|Any CPU
		{929E1C6F-0B88-48C0-9446-6788967662DD}.Release|Any CPU.Build.0 = Release|Any CPU
		{2FDBBAAA-5C7C-425B-83CC-59E43CC4C113}.Debug|Any CPU.ActiveCfg = Debug|Any CPU
		{2FDBBAAA-5C7C-425B-83CC-59E43CC4C113}.Debug|Any CPU.Build.0 = Debug|Any CPU
		{2FDBBAAA-5C7C-425B-83CC-59E43CC4C113}.Release|Any CPU.ActiveCfg = Release|Any CPU
		{2FDBBAAA-5C7C-425B-83CC-59E43CC4C113}.Release|Any CPU.Build.0 = Release|Any CPU
		{60B77206-E508-4092-A510-B65D11D1FFF5}.Debug|Any CPU.ActiveCfg = Debug|Any CPU
		{60B77206-E508-4092-A510-B65D11D1FFF5}.Debug|Any CPU.Build.0 = Debug|Any CPU
		{60B77206-E508-4092-A510-B65D11D1FFF5}.Release|Any CPU.ActiveCfg = Release|Any CPU
		{60B77206-E508-4092-A510-B65D11D1FFF5}.Release|Any CPU.Build.0 = Release|Any CPU
		{62A6B35F-0B51-4F26-B9E8-C1DAE5F21C40}.Debug|Any CPU.ActiveCfg = Debug|Any CPU
		{62A6B35F-0B51-4F26-B9E8-C1DAE5F21C40}.Debug|Any CPU.Build.0 = Debug|Any CPU
		{62A6B35F-0B51-4F26-B9E8-C1DAE5F21C40}.Release|Any CPU.ActiveCfg = Release|Any CPU
		{62A6B35F-0B51-4F26-B9E8-C1DAE5F21C40}.Release|Any CPU.Build.0 = Release|Any CPU
		{321E5250-7ED9-4F23-98F0-B7E41E1B40FE}.Debug|Any CPU.ActiveCfg = Debug|Any CPU
		{321E5250-7ED9-4F23-98F0-B7E41E1B40FE}.Debug|Any CPU.Build.0 = Debug|Any CPU
		{321E5250-7ED9-4F23-98F0-B7E41E1B40FE}.Release|Any CPU.ActiveCfg = Release|Any CPU
		{321E5250-7ED9-4F23-98F0-B7E41E1B40FE}.Release|Any CPU.Build.0 = Release|Any CPU
		{D473A446-4CEA-4002-BABC-11C27761506F}.Debug|Any CPU.ActiveCfg = Debug|Any CPU
		{D473A446-4CEA-4002-BABC-11C27761506F}.Debug|Any CPU.Build.0 = Debug|Any CPU
		{D473A446-4CEA-4002-BABC-11C27761506F}.Release|Any CPU.ActiveCfg = Release|Any CPU
		{D473A446-4CEA-4002-BABC-11C27761506F}.Release|Any CPU.Build.0 = Release|Any CPU
		{4CB3F802-FC4E-416D-A1B7-8CD63BD4E170}.Debug|Any CPU.ActiveCfg = Debug|Any CPU
		{4CB3F802-FC4E-416D-A1B7-8CD63BD4E170}.Debug|Any CPU.Build.0 = Debug|Any CPU
		{4CB3F802-FC4E-416D-A1B7-8CD63BD4E170}.Release|Any CPU.ActiveCfg = Release|Any CPU
		{4CB3F802-FC4E-416D-A1B7-8CD63BD4E170}.Release|Any CPU.Build.0 = Release|Any CPU
		{8C47E0CB-ACB9-4B49-9F0B-ED6780316E5A}.Debug|Any CPU.ActiveCfg = Debug|Any CPU
		{8C47E0CB-ACB9-4B49-9F0B-ED6780316E5A}.Debug|Any CPU.Build.0 = Debug|Any CPU
		{8C47E0CB-ACB9-4B49-9F0B-ED6780316E5A}.Release|Any CPU.ActiveCfg = Release|Any CPU
		{8C47E0CB-ACB9-4B49-9F0B-ED6780316E5A}.Release|Any CPU.Build.0 = Release|Any CPU
		{F4A3812C-428F-4153-970C-551BB145DB05}.Debug|Any CPU.ActiveCfg = Debug|Any CPU
		{F4A3812C-428F-4153-970C-551BB145DB05}.Debug|Any CPU.Build.0 = Debug|Any CPU
		{F4A3812C-428F-4153-970C-551BB145DB05}.Release|Any CPU.ActiveCfg = Release|Any CPU
		{F4A3812C-428F-4153-970C-551BB145DB05}.Release|Any CPU.Build.0 = Release|Any CPU
		{2F4E70F5-33FE-4317-BCC7-15F04B573A62}.Debug|Any CPU.ActiveCfg = Debug|Any CPU
		{2F4E70F5-33FE-4317-BCC7-15F04B573A62}.Debug|Any CPU.Build.0 = Debug|Any CPU
		{2F4E70F5-33FE-4317-BCC7-15F04B573A62}.Debug|Any CPU.Deploy.0 = Debug|Any CPU
		{2F4E70F5-33FE-4317-BCC7-15F04B573A62}.Release|Any CPU.ActiveCfg = Release|Any CPU
		{2F4E70F5-33FE-4317-BCC7-15F04B573A62}.Release|Any CPU.Build.0 = Release|Any CPU
		{2F4E70F5-33FE-4317-BCC7-15F04B573A62}.Release|Any CPU.Deploy.0 = Release|Any CPU
		{13F67C91-9B4D-41C9-A0F9-4D62703DEB38}.Debug|Any CPU.ActiveCfg = Debug|Any CPU
		{13F67C91-9B4D-41C9-A0F9-4D62703DEB38}.Debug|Any CPU.Build.0 = Debug|Any CPU
		{13F67C91-9B4D-41C9-A0F9-4D62703DEB38}.Release|Any CPU.ActiveCfg = Release|Any CPU
		{13F67C91-9B4D-41C9-A0F9-4D62703DEB38}.Release|Any CPU.Build.0 = Release|Any CPU
		{247B381F-917C-4E53-AED1-675ACBC83BB4}.Debug|Any CPU.ActiveCfg = Debug|Any CPU
		{247B381F-917C-4E53-AED1-675ACBC83BB4}.Debug|Any CPU.Build.0 = Debug|Any CPU
		{247B381F-917C-4E53-AED1-675ACBC83BB4}.Release|Any CPU.ActiveCfg = Release|Any CPU
		{247B381F-917C-4E53-AED1-675ACBC83BB4}.Release|Any CPU.Build.0 = Release|Any CPU
		{51758CA9-4354-42E8-B3EE-72FE872406C6}.Debug|Any CPU.ActiveCfg = Debug|Any CPU
		{51758CA9-4354-42E8-B3EE-72FE872406C6}.Debug|Any CPU.Build.0 = Debug|Any CPU
		{51758CA9-4354-42E8-B3EE-72FE872406C6}.Release|Any CPU.ActiveCfg = Release|Any CPU
		{51758CA9-4354-42E8-B3EE-72FE872406C6}.Release|Any CPU.Build.0 = Release|Any CPU
		{0E323F81-9C74-41BA-856D-7B8377C056E2}.Debug|Any CPU.ActiveCfg = Debug|Any CPU
		{0E323F81-9C74-41BA-856D-7B8377C056E2}.Debug|Any CPU.Build.0 = Debug|Any CPU
		{0E323F81-9C74-41BA-856D-7B8377C056E2}.Release|Any CPU.ActiveCfg = Release|Any CPU
		{0E323F81-9C74-41BA-856D-7B8377C056E2}.Release|Any CPU.Build.0 = Release|Any CPU
		{2DB8AA85-A229-48C4-A1F9-A0D28A62EBBD}.Debug|Any CPU.ActiveCfg = Debug|Any CPU
		{2DB8AA85-A229-48C4-A1F9-A0D28A62EBBD}.Debug|Any CPU.Build.0 = Debug|Any CPU
		{2DB8AA85-A229-48C4-A1F9-A0D28A62EBBD}.Release|Any CPU.ActiveCfg = Release|Any CPU
		{2DB8AA85-A229-48C4-A1F9-A0D28A62EBBD}.Release|Any CPU.Build.0 = Release|Any CPU
		{F0BB4095-132D-4A5E-BFD1-0FC5EDDEF2F1}.Debug|Any CPU.ActiveCfg = Debug|Any CPU
		{F0BB4095-132D-4A5E-BFD1-0FC5EDDEF2F1}.Debug|Any CPU.Build.0 = Debug|Any CPU
		{F0BB4095-132D-4A5E-BFD1-0FC5EDDEF2F1}.Release|Any CPU.ActiveCfg = Release|Any CPU
		{F0BB4095-132D-4A5E-BFD1-0FC5EDDEF2F1}.Release|Any CPU.Build.0 = Release|Any CPU
		{A7D602C6-4D09-4823-87FF-36589A1B01FE}.Debug|Any CPU.ActiveCfg = Debug|Any CPU
		{A7D602C6-4D09-4823-87FF-36589A1B01FE}.Debug|Any CPU.Build.0 = Debug|Any CPU
		{A7D602C6-4D09-4823-87FF-36589A1B01FE}.Release|Any CPU.ActiveCfg = Release|Any CPU
		{A7D602C6-4D09-4823-87FF-36589A1B01FE}.Release|Any CPU.Build.0 = Release|Any CPU
		{BF110874-A5F4-4B07-92C1-C8E2FB55F1AA}.Debug|Any CPU.ActiveCfg = Debug|Any CPU
		{BF110874-A5F4-4B07-92C1-C8E2FB55F1AA}.Debug|Any CPU.Build.0 = Debug|Any CPU
		{BF110874-A5F4-4B07-92C1-C8E2FB55F1AA}.Release|Any CPU.ActiveCfg = Release|Any CPU
		{BF110874-A5F4-4B07-92C1-C8E2FB55F1AA}.Release|Any CPU.Build.0 = Release|Any CPU
		{F2138473-3398-409C-8B3B-9315E40CAE36}.Debug|Any CPU.ActiveCfg = Debug|Any CPU
		{F2138473-3398-409C-8B3B-9315E40CAE36}.Debug|Any CPU.Build.0 = Debug|Any CPU
		{F2138473-3398-409C-8B3B-9315E40CAE36}.Release|Any CPU.ActiveCfg = Release|Any CPU
		{F2138473-3398-409C-8B3B-9315E40CAE36}.Release|Any CPU.Build.0 = Release|Any CPU
		{5FF9897D-4FE5-4341-97D9-9CC97D6615DE}.Debug|Any CPU.ActiveCfg = Debug|Any CPU
		{5FF9897D-4FE5-4341-97D9-9CC97D6615DE}.Debug|Any CPU.Build.0 = Debug|Any CPU
		{5FF9897D-4FE5-4341-97D9-9CC97D6615DE}.Release|Any CPU.ActiveCfg = Release|Any CPU
		{5FF9897D-4FE5-4341-97D9-9CC97D6615DE}.Release|Any CPU.Build.0 = Release|Any CPU
		{41F39CAE-50F1-4018-8256-6BE40FE0A768}.Debug|Any CPU.ActiveCfg = Debug|Any CPU
		{41F39CAE-50F1-4018-8256-6BE40FE0A768}.Debug|Any CPU.Build.0 = Debug|Any CPU
		{41F39CAE-50F1-4018-8256-6BE40FE0A768}.Release|Any CPU.ActiveCfg = Release|Any CPU
		{41F39CAE-50F1-4018-8256-6BE40FE0A768}.Release|Any CPU.Build.0 = Release|Any CPU
		{E18CC675-B1E6-4518-AC73-B2FC02F17C40}.Debug|Any CPU.ActiveCfg = Debug|Any CPU
		{E18CC675-B1E6-4518-AC73-B2FC02F17C40}.Debug|Any CPU.Build.0 = Debug|Any CPU
		{E18CC675-B1E6-4518-AC73-B2FC02F17C40}.Release|Any CPU.ActiveCfg = Release|Any CPU
		{E18CC675-B1E6-4518-AC73-B2FC02F17C40}.Release|Any CPU.Build.0 = Release|Any CPU
		{6E312887-2C0F-48E9-BAC3-CCEDA90DBAAF}.Debug|Any CPU.ActiveCfg = Debug|Any CPU
		{6E312887-2C0F-48E9-BAC3-CCEDA90DBAAF}.Debug|Any CPU.Build.0 = Debug|Any CPU
		{6E312887-2C0F-48E9-BAC3-CCEDA90DBAAF}.Release|Any CPU.ActiveCfg = Release|Any CPU
		{6E312887-2C0F-48E9-BAC3-CCEDA90DBAAF}.Release|Any CPU.Build.0 = Release|Any CPU
		{8AB8C5A2-0A80-4F21-8F30-EDD12F48B33F}.Debug|Any CPU.ActiveCfg = Debug|Any CPU
		{8AB8C5A2-0A80-4F21-8F30-EDD12F48B33F}.Debug|Any CPU.Build.0 = Debug|Any CPU
		{8AB8C5A2-0A80-4F21-8F30-EDD12F48B33F}.Release|Any CPU.ActiveCfg = Release|Any CPU
		{8AB8C5A2-0A80-4F21-8F30-EDD12F48B33F}.Release|Any CPU.Build.0 = Release|Any CPU
	EndGlobalSection
	GlobalSection(SolutionProperties) = preSolution
		HideSolutionNode = FALSE
	EndGlobalSection
	GlobalSection(NestedProjects) = preSolution
		{83EC1015-DF12-445D-B644-B316F1AEDB3A} = {6F62C160-8182-41FC-A905-BB7074BF0928}
		{FD5FE5A9-ABC5-4A90-B73B-11CFF0DF8099} = {26F739B7-1475-403F-941D-5D3DFCF4364F}
		{FA336443-2C59-4600-B219-3ED00A1A88E0} = {26F739B7-1475-403F-941D-5D3DFCF4364F}
		{20EB3A40-8898-4F77-BCAD-9EA31B1A0DDE} = {26F739B7-1475-403F-941D-5D3DFCF4364F}
		{B4330C9F-8168-4AD7-88BA-7EB463347F36} = {26F739B7-1475-403F-941D-5D3DFCF4364F}
		{9D3187C2-A72B-4AA1-ADE8-23F65D1777B8} = {26F739B7-1475-403F-941D-5D3DFCF4364F}
		{22200797-A4AB-4C06-AE01-DED691284FFF} = {FA336443-2C59-4600-B219-3ED00A1A88E0}
		{6B144CBE-3123-4A2C-BFA5-ED65E1E01FF3} = {FA336443-2C59-4600-B219-3ED00A1A88E0}
		{679AA4FF-C252-4FB7-9FF9-C234E34905AE} = {22200797-A4AB-4C06-AE01-DED691284FFF}
		{62AEE5B8-5D28-457E-AF0D-C24BC4C47EF3} = {22200797-A4AB-4C06-AE01-DED691284FFF}
		{AAE8419B-3CE8-4A8C-8A2F-4C19E46B0F42} = {957228D9-53D5-4C1C-A8B3-1A355150E39A}
		{E4EEEFC6-B831-402A-8409-58D926F693B3} = {957228D9-53D5-4C1C-A8B3-1A355150E39A}
		{87222A0E-5923-4F90-999A-306B8D9EDE16} = {957228D9-53D5-4C1C-A8B3-1A355150E39A}
		{71C5B0C1-9DFE-4761-9285-B24EA65EC712} = {22200797-A4AB-4C06-AE01-DED691284FFF}
		{F1AEA4DC-924C-41BB-9818-886F28F69684} = {6B144CBE-3123-4A2C-BFA5-ED65E1E01FF3}
		{DE55B8BC-BBCB-42B9-AD6C-8A089E9D1E68} = {6B144CBE-3123-4A2C-BFA5-ED65E1E01FF3}
		{898C4B9A-85DF-4076-B808-C78B53505628} = {6B144CBE-3123-4A2C-BFA5-ED65E1E01FF3}
		{5AE7123F-D503-4182-9D9E-CF9ABD2B8599} = {22200797-A4AB-4C06-AE01-DED691284FFF}
		{61884E6E-CE06-470E-BC1D-C5D122B85EA9} = {22200797-A4AB-4C06-AE01-DED691284FFF}
		{039198B4-316E-4694-B51C-0E8866A755D2} = {6B144CBE-3123-4A2C-BFA5-ED65E1E01FF3}
		{EF000C1F-C1C3-4C21-BC1A-430A87C4E3BC} = {22200797-A4AB-4C06-AE01-DED691284FFF}
		{CA86395C-59FB-4AC9-94BC-4BAB5971237B} = {6B144CBE-3123-4A2C-BFA5-ED65E1E01FF3}
		{586A91DB-FF50-4E30-845A-53DE3807AE8E} = {FD5FE5A9-ABC5-4A90-B73B-11CFF0DF8099}
		{7DC82A67-7167-4152-AE26-F103B05C705A} = {FD5FE5A9-ABC5-4A90-B73B-11CFF0DF8099}
		{6A681E00-6E8F-4155-901B-8F27F967C962} = {586A91DB-FF50-4E30-845A-53DE3807AE8E}
		{D6AE29A3-D890-4BEA-88D0-A5BC34279000} = {586A91DB-FF50-4E30-845A-53DE3807AE8E}
		{CC7AC60C-5480-4868-ADC9-07F0FBF63C6A} = {586A91DB-FF50-4E30-845A-53DE3807AE8E}
		{3FF38B7B-4782-4F69-9C87-DB3D7514FA1F} = {586A91DB-FF50-4E30-845A-53DE3807AE8E}
		{8458ECD8-ED2F-4611-8D62-CD2499A59844} = {7DC82A67-7167-4152-AE26-F103B05C705A}
		{E95232CA-9B58-4B6A-8F06-A68E0C34BE04} = {7DC82A67-7167-4152-AE26-F103B05C705A}
		{04AD59FF-9A43-4F06-97CA-77D15715203B} = {7DC82A67-7167-4152-AE26-F103B05C705A}
		{53C4151D-ED4B-4076-91F0-93130AE0241D} = {586A91DB-FF50-4E30-845A-53DE3807AE8E}
		{09A29990-38AD-46B1-A40B-1A0E479FBAB2} = {586A91DB-FF50-4E30-845A-53DE3807AE8E}
		{1F789659-9099-492F-9C21-DD10E7B30A22} = {7DC82A67-7167-4152-AE26-F103B05C705A}
		{F35567DE-A753-46AB-A588-4C3084485CDF} = {7DC82A67-7167-4152-AE26-F103B05C705A}
		{0E062AEC-0C69-47F6-8D58-B8DA85EB40B8} = {20EB3A40-8898-4F77-BCAD-9EA31B1A0DDE}
		{C24FC188-C432-4268-A049-EB8527F42AE6} = {20EB3A40-8898-4F77-BCAD-9EA31B1A0DDE}
		{4CDB5487-379C-4FDA-AF1D-85B33B3A101D} = {0E062AEC-0C69-47F6-8D58-B8DA85EB40B8}
		{7B30CA41-5F28-49CE-A460-505BCC3D1934} = {0E062AEC-0C69-47F6-8D58-B8DA85EB40B8}
		{42D45F3E-0FA9-443D-ACFB-F95148150DC0} = {0E062AEC-0C69-47F6-8D58-B8DA85EB40B8}
		{A8EF0E52-F97D-47D8-9453-C7D01F2C7593} = {0E062AEC-0C69-47F6-8D58-B8DA85EB40B8}
		{B720B952-A631-4C66-9593-FAF59F728FDE} = {C24FC188-C432-4268-A049-EB8527F42AE6}
		{8D5CD1A8-4B77-410E-8326-889FD3FA519B} = {C24FC188-C432-4268-A049-EB8527F42AE6}
		{F37EEE72-30DB-4976-A986-C5267EABBDDF} = {C24FC188-C432-4268-A049-EB8527F42AE6}
		{521A4D20-6295-4E6D-9D89-87C98FD90D13} = {0E062AEC-0C69-47F6-8D58-B8DA85EB40B8}
		{8594875F-D0AB-439D-AD02-C519B67C7CBF} = {0E062AEC-0C69-47F6-8D58-B8DA85EB40B8}
		{0E5E302F-FEC2-4CAC-B085-5CCA4FFC0153} = {C24FC188-C432-4268-A049-EB8527F42AE6}
		{89E5AACC-5A45-43BE-8A11-F104BB55FA30} = {C24FC188-C432-4268-A049-EB8527F42AE6}
		{51BFE4C6-00BB-4F14-BA5B-97AC2208D50F} = {9D3187C2-A72B-4AA1-ADE8-23F65D1777B8}
		{7E6C423E-89F9-4A4C-9252-A033B1F420DC} = {9D3187C2-A72B-4AA1-ADE8-23F65D1777B8}
		{A5A9F308-B92E-4ED5-B285-3643709EE5D0} = {51BFE4C6-00BB-4F14-BA5B-97AC2208D50F}
		{EF97B628-7368-4CE8-ACFC-EDE3BC317395} = {51BFE4C6-00BB-4F14-BA5B-97AC2208D50F}
		{5022D704-9CC5-4956-A140-1523D6DCB0C6} = {51BFE4C6-00BB-4F14-BA5B-97AC2208D50F}
		{D53356A6-3F82-4FAD-BC5A-E046608369E5} = {51BFE4C6-00BB-4F14-BA5B-97AC2208D50F}
		{479D6690-824D-425F-A148-75D0DCB10739} = {51BFE4C6-00BB-4F14-BA5B-97AC2208D50F}
		{A0E2DF0A-0C8A-4B05-992A-EE5CA8855497} = {51BFE4C6-00BB-4F14-BA5B-97AC2208D50F}
		{AF59CDE4-EE5A-4D56-AD21-CED816A7A675} = {7E6C423E-89F9-4A4C-9252-A033B1F420DC}
		{7D5DA53C-794E-4C31-AC28-183A5EFF932D} = {7E6C423E-89F9-4A4C-9252-A033B1F420DC}
		{929E1C6F-0B88-48C0-9446-6788967662DD} = {7E6C423E-89F9-4A4C-9252-A033B1F420DC}
		{2FDBBAAA-5C7C-425B-83CC-59E43CC4C113} = {7E6C423E-89F9-4A4C-9252-A033B1F420DC}
		{60B77206-E508-4092-A510-B65D11D1FFF5} = {7E6C423E-89F9-4A4C-9252-A033B1F420DC}
		{3B1176FD-A444-40FD-AA55-BA805F1CAC96} = {B4330C9F-8168-4AD7-88BA-7EB463347F36}
		{056C2C0D-1975-4DAD-B902-E3A662879DAD} = {B4330C9F-8168-4AD7-88BA-7EB463347F36}
		{62A6B35F-0B51-4F26-B9E8-C1DAE5F21C40} = {3B1176FD-A444-40FD-AA55-BA805F1CAC96}
		{321E5250-7ED9-4F23-98F0-B7E41E1B40FE} = {3B1176FD-A444-40FD-AA55-BA805F1CAC96}
		{D473A446-4CEA-4002-BABC-11C27761506F} = {3B1176FD-A444-40FD-AA55-BA805F1CAC96}
		{4CB3F802-FC4E-416D-A1B7-8CD63BD4E170} = {3B1176FD-A444-40FD-AA55-BA805F1CAC96}
		{8C47E0CB-ACB9-4B49-9F0B-ED6780316E5A} = {3B1176FD-A444-40FD-AA55-BA805F1CAC96}
		{F4A3812C-428F-4153-970C-551BB145DB05} = {056C2C0D-1975-4DAD-B902-E3A662879DAD}
		{2F4E70F5-33FE-4317-BCC7-15F04B573A62} = {3B1176FD-A444-40FD-AA55-BA805F1CAC96}
		{13F67C91-9B4D-41C9-A0F9-4D62703DEB38} = {056C2C0D-1975-4DAD-B902-E3A662879DAD}
		{247B381F-917C-4E53-AED1-675ACBC83BB4} = {056C2C0D-1975-4DAD-B902-E3A662879DAD}
		{51758CA9-4354-42E8-B3EE-72FE872406C6} = {056C2C0D-1975-4DAD-B902-E3A662879DAD}
		{0E323F81-9C74-41BA-856D-7B8377C056E2} = {056C2C0D-1975-4DAD-B902-E3A662879DAD}
		{F2EA3CB3-7DCF-41B0-BFE0-D390348A32D6} = {E79EA578-0E87-4901-B268-05A04EBB3149}
		{8EC1E34E-0250-4AEA-A5DC-E4B33BD339C6} = {E79EA578-0E87-4901-B268-05A04EBB3149}
		{2DB8AA85-A229-48C4-A1F9-A0D28A62EBBD} = {F2EA3CB3-7DCF-41B0-BFE0-D390348A32D6}
		{F0BB4095-132D-4A5E-BFD1-0FC5EDDEF2F1} = {F2EA3CB3-7DCF-41B0-BFE0-D390348A32D6}
		{A7D602C6-4D09-4823-87FF-36589A1B01FE} = {F2EA3CB3-7DCF-41B0-BFE0-D390348A32D6}
		{BF110874-A5F4-4B07-92C1-C8E2FB55F1AA} = {8EC1E34E-0250-4AEA-A5DC-E4B33BD339C6}
		{F2138473-3398-409C-8B3B-9315E40CAE36} = {8EC1E34E-0250-4AEA-A5DC-E4B33BD339C6}
		{5FF9897D-4FE5-4341-97D9-9CC97D6615DE} = {8EC1E34E-0250-4AEA-A5DC-E4B33BD339C6}
		{41F39CAE-50F1-4018-8256-6BE40FE0A768} = {957228D9-53D5-4C1C-A8B3-1A355150E39A}
		{E18CC675-B1E6-4518-AC73-B2FC02F17C40} = {4CA4DA3B-15EC-4E55-91D8-86EDE3AF6AD4}
		{94EEB5A7-4064-4F0A-B180-A06A74BA1F76} = {26F739B7-1475-403F-941D-5D3DFCF4364F}
		{4CA4DA3B-15EC-4E55-91D8-86EDE3AF6AD4} = {94EEB5A7-4064-4F0A-B180-A06A74BA1F76}
		{8AB8C5A2-0A80-4F21-8F30-EDD12F48B33F} = {957228D9-53D5-4C1C-A8B3-1A355150E39A}
	EndGlobalSection
	GlobalSection(ExtensibilityGlobals) = postSolution
		SolutionGuid = {6FB535EF-31B6-4DD8-93D1-498D875ACE02}
	EndGlobalSection
EndGlobal
