
Microsoft Visual Studio Solution File, Format Version 12.00
# Visual Studio Version 17
VisualStudioVersion = 17.2.32519.379
MinimumVisualStudioVersion = 10.0.40219.1
Project("{2150E333-8FDC-42A3-9474-1A3956D46DE8}") = "Services", "Services", "{26F739B7-1475-403F-941D-5D3DFCF4364F}"
EndProject
Project("{2150E333-8FDC-42A3-9474-1A3956D46DE8}") = "Solution Items", "Solution Items", "{77995D73-7F56-48F4-9E0D-F9FDF1DA54B9}"
	ProjectSection(SolutionItems) = preProject
		..\.gitignore = ..\.gitignore
	EndProjectSection
EndProject
Project("{2150E333-8FDC-42A3-9474-1A3956D46DE8}") = "UI", "UI", "{E79EA578-0E87-4901-B268-05A04EBB3149}"
EndProject
Project("{2150E333-8FDC-42A3-9474-1A3956D46DE8}") = "Product", "Product", "{FD5FE5A9-ABC5-4A90-B73B-11CFF0DF8099}"
EndProject
Project("{2150E333-8FDC-42A3-9474-1A3956D46DE8}") = "Customer", "Customer", "{FA336443-2C59-4600-B219-3ED00A1A88E0}"
EndProject
Project("{2150E333-8FDC-42A3-9474-1A3956D46DE8}") = "ReferenceData", "ReferenceData", "{20EB3A40-8898-4F77-BCAD-9EA31B1A0DDE}"
EndProject
Project("{2150E333-8FDC-42A3-9474-1A3956D46DE8}") = "Sales", "Sales", "{9D3187C2-A72B-4AA1-ADE8-23F65D1777B8}"
EndProject
Project("{2150E333-8FDC-42A3-9474-1A3956D46DE8}") = "src", "src", "{22200797-A4AB-4C06-AE01-DED691284FFF}"
EndProject
Project("{2150E333-8FDC-42A3-9474-1A3956D46DE8}") = "tests", "tests", "{6B144CBE-3123-4A2C-BFA5-ED65E1E01FF3}"
EndProject
Project("{9A19103F-16F7-4668-BE54-9A1E7A4F7556}") = "AW.Services.Customer.Infrastructure.EFCore", "Services\Customer\src\AW.Services.Customer.Infrastructure.EFCore\AW.Services.Customer.Infrastructure.EFCore.csproj", "{679AA4FF-C252-4FB7-9FF9-C234E34905AE}"
EndProject
Project("{9A19103F-16F7-4668-BE54-9A1E7A4F7556}") = "AW.Services.Customer.Core", "Services\Customer\src\AW.Services.Customer.Core\AW.Services.Customer.Core.csproj", "{62AEE5B8-5D28-457E-AF0D-C24BC4C47EF3}"
EndProject
Project("{2150E333-8FDC-42A3-9474-1A3956D46DE8}") = "SharedKernel", "SharedKernel", "{957228D9-53D5-4C1C-A8B3-1A355150E39A}"
EndProject
Project("{9A19103F-16F7-4668-BE54-9A1E7A4F7556}") = "AW.Services.Customer.Infrastructure.EFCore.UnitTests", "Services\Customer\tests\AW.Services.Customer.Infrastructure.EFCore.UnitTests\AW.Services.Customer.Infrastructure.EFCore.UnitTests.csproj", "{F1AEA4DC-924C-41BB-9818-886F28F69684}"
EndProject
Project("{9A19103F-16F7-4668-BE54-9A1E7A4F7556}") = "AW.Services.Customer.Core.UnitTests", "Services\Customer\tests\AW.Services.Customer.Core.UnitTests\AW.Services.Customer.Core.UnitTests.csproj", "{898C4B9A-85DF-4076-B808-C78B53505628}"
EndProject
Project("{00D1A9C2-B5F0-4AF3-8072-F6C62B433612}") = "AW.Services.Customer.Database", "Services\Customer\src\AW.Services.Customer.Database\AW.Services.Customer.Database.sqlproj", "{5AE7123F-D503-4182-9D9E-CF9ABD2B8599}"
EndProject
Project("{9A19103F-16F7-4668-BE54-9A1E7A4F7556}") = "AW.Services.Customer.REST.API", "Services\Customer\src\AW.Services.Customer.REST.API\AW.Services.Customer.REST.API.csproj", "{61884E6E-CE06-470E-BC1D-C5D122B85EA9}"
EndProject
Project("{9A19103F-16F7-4668-BE54-9A1E7A4F7556}") = "AW.Services.Customer.REST.API.UnitTests", "Services\Customer\tests\AW.Services.Customer.REST.API.UnitTests\AW.Services.Customer.REST.API.UnitTests.csproj", "{039198B4-316E-4694-B51C-0E8866A755D2}"
EndProject
Project("{2150E333-8FDC-42A3-9474-1A3956D46DE8}") = "src", "src", "{586A91DB-FF50-4E30-845A-53DE3807AE8E}"
EndProject
Project("{2150E333-8FDC-42A3-9474-1A3956D46DE8}") = "tests", "tests", "{7DC82A67-7167-4152-AE26-F103B05C705A}"
EndProject
Project("{9A19103F-16F7-4668-BE54-9A1E7A4F7556}") = "AW.Services.Product.Core", "Services\Product\src\AW.Services.Product.Core\AW.Services.Product.Core.csproj", "{6A681E00-6E8F-4155-901B-8F27F967C962}"
EndProject
Project("{9A19103F-16F7-4668-BE54-9A1E7A4F7556}") = "AW.Services.Product.Infrastructure.EFCore", "Services\Product\src\AW.Services.Product.Infrastructure.EFCore\AW.Services.Product.Infrastructure.EFCore.csproj", "{CC7AC60C-5480-4868-ADC9-07F0FBF63C6A}"
EndProject
Project("{00D1A9C2-B5F0-4AF3-8072-F6C62B433612}") = "AW.Services.Product.Database", "Services\Product\src\AW.Services.Product.Database\AW.Services.Product.Database.sqlproj", "{3FF38B7B-4782-4F69-9C87-DB3D7514FA1F}"
EndProject
Project("{9A19103F-16F7-4668-BE54-9A1E7A4F7556}") = "AW.Services.Product.Core.UnitTests", "Services\Product\tests\AW.Services.Product.Core.UnitTests\AW.Services.Product.Core.UnitTests.csproj", "{8458ECD8-ED2F-4611-8D62-CD2499A59844}"
EndProject
Project("{9A19103F-16F7-4668-BE54-9A1E7A4F7556}") = "AW.Services.Product.Infrastructure.EFCore.UnitTests", "Services\Product\tests\AW.Services.Product.Infrastructure.EFCore.UnitTests\AW.Services.Product.Infrastructure.EFCore.UnitTests.csproj", "{E95232CA-9B58-4B6A-8F06-A68E0C34BE04}"
EndProject
Project("{9A19103F-16F7-4668-BE54-9A1E7A4F7556}") = "AW.Services.Product.REST.API", "Services\Product\src\AW.Services.Product.REST.API\AW.Services.Product.REST.API.csproj", "{53C4151D-ED4B-4076-91F0-93130AE0241D}"
EndProject
Project("{9A19103F-16F7-4668-BE54-9A1E7A4F7556}") = "AW.Services.Product.REST.API.UnitTests", "Services\Product\tests\AW.Services.Product.REST.API.UnitTests\AW.Services.Product.REST.API.UnitTests.csproj", "{1F789659-9099-492F-9C21-DD10E7B30A22}"
EndProject
Project("{2150E333-8FDC-42A3-9474-1A3956D46DE8}") = "src", "src", "{0E062AEC-0C69-47F6-8D58-B8DA85EB40B8}"
EndProject
Project("{2150E333-8FDC-42A3-9474-1A3956D46DE8}") = "tests", "tests", "{C24FC188-C432-4268-A049-EB8527F42AE6}"
EndProject
Project("{9A19103F-16F7-4668-BE54-9A1E7A4F7556}") = "AW.Services.ReferenceData.Core", "Services\ReferenceData\src\AW.Services.ReferenceData.Core\AW.Services.ReferenceData.Core.csproj", "{4CDB5487-379C-4FDA-AF1D-85B33B3A101D}"
EndProject
Project("{9A19103F-16F7-4668-BE54-9A1E7A4F7556}") = "AW.Services.ReferenceData.Infrastructure.EFCore", "Services\ReferenceData\src\AW.Services.ReferenceData.Infrastructure.EFCore\AW.Services.ReferenceData.Infrastructure.EFCore.csproj", "{42D45F3E-0FA9-443D-ACFB-F95148150DC0}"
EndProject
Project("{00D1A9C2-B5F0-4AF3-8072-F6C62B433612}") = "AW.Services.ReferenceData.Database", "Services\ReferenceData\src\AW.Services.ReferenceData.Database\AW.Services.ReferenceData.Database.sqlproj", "{A8EF0E52-F97D-47D8-9453-C7D01F2C7593}"
EndProject
Project("{9A19103F-16F7-4668-BE54-9A1E7A4F7556}") = "AW.Services.ReferenceData.Infrastructure.EFCore.UnitTests", "Services\ReferenceData\tests\AW.Services.ReferenceData.Infrastructure.EFCore.UnitTests\AW.Services.ReferenceData.Infrastructure.EFCore.UnitTests.csproj", "{8D5CD1A8-4B77-410E-8326-889FD3FA519B}"
EndProject
Project("{9A19103F-16F7-4668-BE54-9A1E7A4F7556}") = "AW.Services.ReferenceData.Core.UnitTests", "Services\ReferenceData\tests\AW.Services.ReferenceData.Core.UnitTests\AW.Services.ReferenceData.Core.UnitTests.csproj", "{F37EEE72-30DB-4976-A986-C5267EABBDDF}"
EndProject
Project("{9A19103F-16F7-4668-BE54-9A1E7A4F7556}") = "AW.Services.ReferenceData.REST.API", "Services\ReferenceData\src\AW.Services.ReferenceData.REST.API\AW.Services.ReferenceData.REST.API.csproj", "{521A4D20-6295-4E6D-9D89-87C98FD90D13}"
EndProject
Project("{9A19103F-16F7-4668-BE54-9A1E7A4F7556}") = "AW.Services.ReferenceData.REST.API.UnitTests", "Services\ReferenceData\tests\AW.Services.ReferenceData.REST.API.UnitTests\AW.Services.ReferenceData.REST.API.UnitTests.csproj", "{0E5E302F-FEC2-4CAC-B085-5CCA4FFC0153}"
EndProject
Project("{2150E333-8FDC-42A3-9474-1A3956D46DE8}") = "src", "src", "{51BFE4C6-00BB-4F14-BA5B-97AC2208D50F}"
EndProject
Project("{2150E333-8FDC-42A3-9474-1A3956D46DE8}") = "tests", "tests", "{7E6C423E-89F9-4A4C-9252-A033B1F420DC}"
EndProject
Project("{9A19103F-16F7-4668-BE54-9A1E7A4F7556}") = "AW.Services.Sales.Core", "Services\Sales\src\AW.Services.Sales.Core\AW.Services.Sales.Core.csproj", "{A5A9F308-B92E-4ED5-B285-3643709EE5D0}"
EndProject
Project("{00D1A9C2-B5F0-4AF3-8072-F6C62B433612}") = "AW.Services.Sales.Database", "Services\Sales\src\AW.Services.Sales.Database\AW.Services.Sales.Database.sqlproj", "{EF97B628-7368-4CE8-ACFC-EDE3BC317395}"
EndProject
Project("{9A19103F-16F7-4668-BE54-9A1E7A4F7556}") = "AW.Services.Sales.Infrastructure.EFCore", "Services\Sales\src\AW.Services.Sales.Infrastructure.EFCore\AW.Services.Sales.Infrastructure.EFCore.csproj", "{D53356A6-3F82-4FAD-BC5A-E046608369E5}"
EndProject
Project("{9A19103F-16F7-4668-BE54-9A1E7A4F7556}") = "AW.Services.Sales.Order.REST.API", "Services\Sales\src\AW.Services.Sales.Order.REST.API\AW.Services.Sales.Order.REST.API.csproj", "{479D6690-824D-425F-A148-75D0DCB10739}"
EndProject
Project("{9A19103F-16F7-4668-BE54-9A1E7A4F7556}") = "AW.Services.Sales.Infrastructure.EFCore.UnitTests", "Services\Sales\tests\AW.Services.Sales.Infrastructure.EFCore.UnitTests\AW.Services.Sales.Infrastructure.EFCore.UnitTests.csproj", "{7D5DA53C-794E-4C31-AC28-183A5EFF932D}"
EndProject
Project("{9A19103F-16F7-4668-BE54-9A1E7A4F7556}") = "AW.Services.Sales.Core.UnitTests", "Services\Sales\tests\AW.Services.Sales.Core.UnitTests\AW.Services.Sales.Core.UnitTests.csproj", "{929E1C6F-0B88-48C0-9446-6788967662DD}"
EndProject
Project("{9A19103F-16F7-4668-BE54-9A1E7A4F7556}") = "AW.Services.Sales.Order.REST.API.UnitTests", "Services\Sales\tests\AW.Services.Sales.Order.REST.API.UnitTests\AW.Services.Sales.Order.REST.API.UnitTests.csproj", "{2FDBBAAA-5C7C-425B-83CC-59E43CC4C113}"
EndProject
Project("{9A19103F-16F7-4668-BE54-9A1E7A4F7556}") = "AW.Services.IdentityServer", "Services\IdentityServer\src\AW.Services.IdentityServer\AW.Services.IdentityServer.csproj", "{E18CC675-B1E6-4518-AC73-B2FC02F17C40}"
EndProject
Project("{2150E333-8FDC-42A3-9474-1A3956D46DE8}") = "IdentityServer", "IdentityServer", "{94EEB5A7-4064-4F0A-B180-A06A74BA1F76}"
EndProject
Project("{2150E333-8FDC-42A3-9474-1A3956D46DE8}") = "src", "src", "{4CA4DA3B-15EC-4E55-91D8-86EDE3AF6AD4}"
EndProject
Project("{E53339B2-1760-4266-BCC7-CA923CBCF16C}") = "docker-compose", "docker-compose.dcproj", "{6E312887-2C0F-48E9-BAC3-CCEDA90DBAAF}"
EndProject
Project("{2150E333-8FDC-42A3-9474-1A3956D46DE8}") = "Basket", "Basket", "{935DAF2D-6B50-45E5-A381-1919211BB2D8}"
EndProject
Project("{2150E333-8FDC-42A3-9474-1A3956D46DE8}") = "src", "src", "{B59C95AC-4556-4AE0-9294-528F886810A7}"
EndProject
Project("{2150E333-8FDC-42A3-9474-1A3956D46DE8}") = "tests", "tests", "{FBA87A67-2BAB-4F2D-B83B-2668A2DCDD56}"
EndProject
Project("{9A19103F-16F7-4668-BE54-9A1E7A4F7556}") = "AW.Services.Basket.REST.API", "Services\Basket\src\AW.Services.Basket.REST.API\AW.Services.Basket.REST.API.csproj", "{5207B6A4-0D6F-46F1-B421-2D2EC5F7B75B}"
EndProject
Project("{9A19103F-16F7-4668-BE54-9A1E7A4F7556}") = "AW.Services.Basket.Infrastructure", "Services\Basket\src\AW.Services.Basket.Infrastructure\AW.Services.Basket.Infrastructure.csproj", "{30319C0F-163D-4608-916B-E1AE78A1B998}"
EndProject
Project("{9A19103F-16F7-4668-BE54-9A1E7A4F7556}") = "AW.Services.Basket.Core", "Services\Basket\src\AW.Services.Basket.Core\AW.Services.Basket.Core.csproj", "{838CF403-ED0D-4366-B857-3AB68C93050D}"
EndProject
Project("{2150E333-8FDC-42A3-9474-1A3956D46DE8}") = "src", "src", "{549E2AE6-8ED3-444B-8268-55CCDC81743F}"
EndProject
Project("{2150E333-8FDC-42A3-9474-1A3956D46DE8}") = "tests", "tests", "{0559B48D-9374-43B1-869D-0173BDC1DCEE}"
EndProject
Project("{9A19103F-16F7-4668-BE54-9A1E7A4F7556}") = "AW.SharedKernel", "SharedKernel\src\AW.SharedKernel\AW.SharedKernel.csproj", "{1590BB85-9E79-4538-BD8B-834BA50D4A6C}"
EndProject
Project("{9A19103F-16F7-4668-BE54-9A1E7A4F7556}") = "AW.SharedKernel.Api", "SharedKernel\src\AW.SharedKernel.Api\AW.SharedKernel.Api.csproj", "{CA8F453B-DA3E-406C-A77A-86F8B54CB825}"
EndProject
Project("{9A19103F-16F7-4668-BE54-9A1E7A4F7556}") = "AW.SharedKernel.UnitTesting", "SharedKernel\src\AW.SharedKernel.UnitTesting\AW.SharedKernel.UnitTesting.csproj", "{693EF9C0-CA4F-44ED-A3C8-D2C5F21C09A2}"
EndProject
Project("{9A19103F-16F7-4668-BE54-9A1E7A4F7556}") = "AW.SharedKernel.UnitTests", "SharedKernel\tests\AW.SharedKernel.UnitTests\AW.SharedKernel.UnitTests.csproj", "{9AFA75EC-785D-4D76-A968-395A01B427AC}"
EndProject
Project("{9A19103F-16F7-4668-BE54-9A1E7A4F7556}") = "AW.SharedKernel.Api.UnitTests", "SharedKernel\tests\AW.SharedKernel.Api.UnitTests\AW.SharedKernel.Api.UnitTests.csproj", "{3BEF7C02-9F40-402A-9641-C880F8A7CD64}"
EndProject
Project("{9A19103F-16F7-4668-BE54-9A1E7A4F7556}") = "AW.Services.Basket.Core.UnitTests", "Services\Basket\tests\AW.Services.Basket.Core.UnitTests\AW.Services.Basket.Core.UnitTests.csproj", "{AAEE7943-7206-4CCF-8B45-92AB775A982E}"
EndProject
Project("{9A19103F-16F7-4668-BE54-9A1E7A4F7556}") = "AW.Services.Basket.REST.API.UnitTests", "Services\Basket\tests\AW.Services.Basket.REST.API.UnitTests\AW.Services.Basket.REST.API.UnitTests.csproj", "{8CAFABC2-4BAC-467C-9293-E1ABF731723F}"
EndProject
Project("{9A19103F-16F7-4668-BE54-9A1E7A4F7556}") = "AW.Services.Customer.Database.Build", "Services\Customer\src\AW.Services.Customer.Database.Build\AW.Services.Customer.Database.Build.csproj", "{11EEB087-D93D-4547-9DEE-0BF16E255BF4}"
EndProject
Project("{00D1A9C2-B5F0-4AF3-8072-F6C62B433612}") = "AW.Services.IdentityServer.Database", "Services\IdentityServer\src\AW.Services.IdentityServer.Database\AW.Services.IdentityServer.Database.sqlproj", "{360EB93C-54A2-4414-83EC-8D8A68DD5A4A}"
EndProject
Project("{9A19103F-16F7-4668-BE54-9A1E7A4F7556}") = "AW.Services.IdentityServer.Database.Build", "Services\IdentityServer\src\AW.Services.IdentityServer.Database.Build\AW.Services.IdentityServer.Database.Build.csproj", "{6DDC59B4-3C2B-4CEF-A804-729485B2D6A0}"
EndProject
Project("{2150E333-8FDC-42A3-9474-1A3956D46DE8}") = "SharedKernel", "SharedKernel", "{96B09394-1576-48EC-AC9C-7429D4096D89}"
EndProject
Project("{2150E333-8FDC-42A3-9474-1A3956D46DE8}") = "src", "src", "{EFD15974-13C7-4F37-983A-F18C42113F9B}"
EndProject
Project("{2150E333-8FDC-42A3-9474-1A3956D46DE8}") = "tests", "tests", "{C157B0A1-1744-4366-8A80-3A3D9770FE20}"
EndProject
Project("{9A19103F-16F7-4668-BE54-9A1E7A4F7556}") = "AW.Services.SharedKernel.EFCore", "Services\SharedKernel\src\AW.Services.SharedKernel.EFCore\AW.Services.SharedKernel.EFCore.csproj", "{9835DC75-DFA2-48F6-912B-A7E271C84831}"
EndProject
Project("{9A19103F-16F7-4668-BE54-9A1E7A4F7556}") = "AW.Services.SharedKernel.EFCore.UnitTests", "Services\SharedKernel\tests\AW.Services.SharedKernel.EFCore.UnitTests\AW.Services.SharedKernel.EFCore.UnitTests.csproj", "{5000FEEF-646E-424F-8DDC-62DA4924A480}"
EndProject
Project("{9A19103F-16F7-4668-BE54-9A1E7A4F7556}") = "AW.Services.Infrastructure", "Services\Infrastructure\src\AW.Services.Infrastructure\AW.Services.Infrastructure.csproj", "{6AA09D9C-0077-4D59-BAB2-714291CCD105}"
EndProject
Project("{2150E333-8FDC-42A3-9474-1A3956D46DE8}") = "Infrastructure", "Infrastructure", "{4A416C14-F070-427E-8666-080DA1231D5E}"
EndProject
Project("{2150E333-8FDC-42A3-9474-1A3956D46DE8}") = "src", "src", "{E728A588-EA81-4C5C-83FB-F1F788080DD6}"
EndProject
Project("{2150E333-8FDC-42A3-9474-1A3956D46DE8}") = "tests", "tests", "{BBE65087-98CF-4656-ADE1-C4C497EDC834}"
EndProject
Project("{2150E333-8FDC-42A3-9474-1A3956D46DE8}") = "ConsoleTools", "ConsoleTools", "{4B6F67B3-2F76-4A4E-8413-8091DD88A2B0}"
EndProject
Project("{9A19103F-16F7-4668-BE54-9A1E7A4F7556}") = "AW.Services.Sales.SalesPerson.REST.API", "Services\Sales\src\AW.Services.Sales.SalesPerson.REST.API\AW.Services.Sales.SalesPerson.REST.API.csproj", "{BE96B7D2-1496-4B5E-87FA-2B9351FA41C4}"
EndProject
Project("{9A19103F-16F7-4668-BE54-9A1E7A4F7556}") = "AW.Services.Sales.SalesPerson.REST.API.UnitTests", "Services\Sales\tests\AW.Services.Sales.SalesPerson.REST.API.UnitTests\AW.Services.Sales.SalesPerson.REST.API.UnitTests.csproj", "{7AFC3343-269B-4A11-8CCF-7AB95A823B5C}"
EndProject
Project("{9A19103F-16F7-4668-BE54-9A1E7A4F7556}") = "AW.Services.IdentityServer.Core", "Services\IdentityServer\src\AW.Services.IdentityServer.Core\AW.Services.IdentityServer.Core.csproj", "{153545C8-ECB0-4632-9B28-8B2516356E1A}"
EndProject
Project("{2150E333-8FDC-42A3-9474-1A3956D46DE8}") = "src", "src", "{133A9BA5-0553-45C7-8569-B236D9B40F12}"
EndProject
Project("{2150E333-8FDC-42A3-9474-1A3956D46DE8}") = "tests", "tests", "{9EDA11DF-8BA8-42A9-B452-4280C2A39769}"
EndProject
Project("{9A19103F-16F7-4668-BE54-9A1E7A4F7556}") = "AW.ConsoleTools", "ConsoleTools\src\AW.ConsoleTools\AW.ConsoleTools.csproj", "{A32E616F-A570-4E65-8C5D-671894C3DDA5}"
EndProject
Project("{9A19103F-16F7-4668-BE54-9A1E7A4F7556}") = "AW.ConsoleTools.UnitTests", "ConsoleTools\tests\AW.ConsoleTools.UnitTests\AW.ConsoleTools.UnitTests.csproj", "{90A778F2-92C4-4B16-B823-A9CB49ABFAD9}"
EndProject
Project("{2150E333-8FDC-42A3-9474-1A3956D46DE8}") = "tests", "tests", "{FC84B990-E6C5-4708-82D2-D2D9825C413E}"
EndProject
Project("{9A19103F-16F7-4668-BE54-9A1E7A4F7556}") = "AW.Services.IdentityServer.Core.UnitTests", "Services\IdentityServer\tests\AW.Services.IdentityServer.Core.UnitTests\AW.Services.IdentityServer.Core.UnitTests.csproj", "{1059BAFC-2032-4DE2-A283-26A4850ED57D}"
EndProject
Project("{9A19103F-16F7-4668-BE54-9A1E7A4F7556}") = "AW.Services.SharedKernel", "Services\SharedKernel\src\AW.Services.SharedKernel\AW.Services.SharedKernel.csproj", "{ACD999DA-97FB-45A0-9E1F-18FA74711524}"
EndProject
Project("{9A19103F-16F7-4668-BE54-9A1E7A4F7556}") = "AW.Services.SharedKernel.UnitTests", "Services\SharedKernel\tests\AW.Services.SharedKernel.UnitTests\AW.Services.SharedKernel.UnitTests.csproj", "{87D084D2-AB84-4BF9-8112-51CAF633F938}"
EndProject
Project("{9A19103F-16F7-4668-BE54-9A1E7A4F7556}") = "AW.Services.Infrastructure.EventBus", "Services\Infrastructure\src\AW.Services.Infrastructure.EventBus\AW.Services.Infrastructure.EventBus.csproj", "{248F93AC-2505-4441-9B27-E74A32BAB00C}"
EndProject
Project("{9A19103F-16F7-4668-BE54-9A1E7A4F7556}") = "AW.Services.Infrastructure.EventBus.UnitTests", "Services\Infrastructure\tests\AW.Services.Infrastructure.EventBus.UnitTests\AW.Services.Infrastructure.EventBus.UnitTests.csproj", "{2D1AB9B2-404B-4E9E-8DF6-A03E83CAE195}"
EndProject
Project("{9A19103F-16F7-4668-BE54-9A1E7A4F7556}") = "AW.Services.Infrastructure.UnitTests", "Services\Infrastructure\tests\AW.Services.Infrastructure.UnitTests\AW.Services.Infrastructure.UnitTests.csproj", "{560A9520-04AD-4B3D-9106-CF19F3C634AB}"
EndProject
Project("{2150E333-8FDC-42A3-9474-1A3956D46DE8}") = "Internal", "Internal", "{57C53812-43F4-4D92-90D9-BD4873B9806F}"
EndProject
Project("{2150E333-8FDC-42A3-9474-1A3956D46DE8}") = "Infrastructure", "Infrastructure", "{B1B74503-431E-45DD-985F-1F1EC51B701F}"
EndProject
Project("{2150E333-8FDC-42A3-9474-1A3956D46DE8}") = "Store", "Store", "{109E6A07-9C4D-4750-82AF-113D0471125D}"
EndProject
Project("{2150E333-8FDC-42A3-9474-1A3956D46DE8}") = "src", "src", "{F4FF9CC8-A075-4507-821B-58DF3532C7CB}"
EndProject
Project("{2150E333-8FDC-42A3-9474-1A3956D46DE8}") = "tests", "tests", "{88B1077B-CAF5-4B0E-8FD8-6E23527BBA66}"
EndProject
Project("{2150E333-8FDC-42A3-9474-1A3956D46DE8}") = "src", "src", "{3A588463-15E0-4AB4-B5B1-11FB458D3F69}"
EndProject
Project("{2150E333-8FDC-42A3-9474-1A3956D46DE8}") = "tests", "tests", "{E9B9AC64-E19E-49AC-A40A-C37264145EE3}"
EndProject
Project("{2150E333-8FDC-42A3-9474-1A3956D46DE8}") = "src", "src", "{E94B9C87-8CA1-4588-B8EA-39A52168EA13}"
EndProject
Project("{2150E333-8FDC-42A3-9474-1A3956D46DE8}") = "tests", "tests", "{60101ABC-7CEA-42F4-9D58-A96430E4FDFA}"
EndProject
Project("{9A19103F-16F7-4668-BE54-9A1E7A4F7556}") = "AW.UI.Web.Infrastructure", "UI\Infrastructure\src\AW.UI.Web.Infrastructure\AW.UI.Web.Infrastructure.csproj", "{A1214E55-6FF6-47B7-BBFD-C68D19FE45B3}"
EndProject
Project("{9A19103F-16F7-4668-BE54-9A1E7A4F7556}") = "AW.UI.Web.Infrastructure.UnitTests", "UI\Infrastructure\tests\AW.UI.Web.Infrastructure.UnitTests\AW.UI.Web.Infrastructure.UnitTests.csproj", "{7E79198A-1621-436C-B0E9-5FD35A99FDEF}"
EndProject
Project("{9A19103F-16F7-4668-BE54-9A1E7A4F7556}") = "AW.UI.Web.Internal", "UI\Internal\src\AW.UI.Web.Internal\AW.UI.Web.Internal.csproj", "{17B6AEC9-4148-4637-87C4-32C0E610F5BA}"
EndProject
Project("{9A19103F-16F7-4668-BE54-9A1E7A4F7556}") = "AW.UI.Web.Internal.UnitTests", "UI\Internal\tests\AW.UI.Web.Internal.UnitTests\AW.UI.Web.Internal.UnitTests.csproj", "{2C29DFEA-2FDC-46B5-A0FE-BAB0426B33FB}"
EndProject
Project("{9A19103F-16F7-4668-BE54-9A1E7A4F7556}") = "AW.UI.Web.Store", "UI\Store\src\AW.UI.Web.Store\AW.UI.Web.Store.csproj", "{2EA91A92-EB92-44F4-8E3D-DB0FE172423E}"
EndProject
Project("{9A19103F-16F7-4668-BE54-9A1E7A4F7556}") = "AW.UI.Web.Store.UnitTests", "UI\Store\tests\AW.UI.Web.Store.UnitTests\AW.UI.Web.Store.UnitTests.csproj", "{2C3E8FA6-B71D-4093-B1A5-853381957072}"
EndProject
Project("{9A19103F-16F7-4668-BE54-9A1E7A4F7556}") = "AW.UI.Web.Internal.Core", "UI\Internal\src\AW.UI.Web.Internal.Core\AW.UI.Web.Internal.Core.csproj", "{BC5DDCCB-0ECF-4206-B0A6-17AA42C4C655}"
EndProject
Project("{2150E333-8FDC-42A3-9474-1A3956D46DE8}") = "SharedKernel", "SharedKernel", "{38B4C869-D7E3-4076-B263-AF4BA66F393A}"
EndProject
Project("{9A19103F-16F7-4668-BE54-9A1E7A4F7556}") = "AW.UI.Web.SharedKernel", "UI\SharedKernel\src\AW.UI.Web.SharedKernel\AW.UI.Web.SharedKernel.csproj", "{9717CF82-2371-49BC-B9CB-3FF8668CC1DC}"
EndProject
Project("{2150E333-8FDC-42A3-9474-1A3956D46DE8}") = "src", "src", "{7C0F4DFE-53A5-47BC-820B-9A8024D5E74F}"
EndProject
Project("{2150E333-8FDC-42A3-9474-1A3956D46DE8}") = "tests", "tests", "{348F15E6-F6A8-49AB-A9A0-E76A947502DC}"
EndProject
Project("{9A19103F-16F7-4668-BE54-9A1E7A4F7556}") = "AW.UI.Web.SharedKernel.UnitTests", "UI\SharedKernel\tests\AW.UI.Web.SharedKernel.UnitTests\AW.UI.Web.SharedKernel.UnitTests.csproj", "{CA33957B-0B1B-4C79-B77A-4EAA3E0B2FFD}"
EndProject
Project("{00D1A9C2-B5F0-4AF3-8072-F6C62B433612}") = "AW.Services.HumanResources.Database", "Services\HumanResources\src\AW.Services.HumanResources.Database\AW.Services.HumanResources.Database.sqlproj", "{B3DEBDC6-75EA-4154-829A-F9A001A304B6}"
EndProject
Project("{2150E333-8FDC-42A3-9474-1A3956D46DE8}") = "HumanResources", "HumanResources", "{F2B6C740-4CE2-42D7-AB62-AF5F4683ED50}"
EndProject
Project("{2150E333-8FDC-42A3-9474-1A3956D46DE8}") = "src", "src", "{03FBAE0A-B0AC-43F3-B4CE-6061CB9CB4A4}"
EndProject
Project("{2150E333-8FDC-42A3-9474-1A3956D46DE8}") = "tests", "tests", "{BCAFD866-7676-49C1-AE49-0EF3F0EC7304}"
EndProject
Project("{9A19103F-16F7-4668-BE54-9A1E7A4F7556}") = "AW.Services.HumanResources.Core", "Services\HumanResources\src\AW.Services.HumanResources.Core\AW.Services.HumanResources.Core.csproj", "{B8D36538-730F-4985-9BE5-5565D533C242}"
EndProject
Project("{9A19103F-16F7-4668-BE54-9A1E7A4F7556}") = "AW.Services.HumanResources.Infrastructure.EFCore", "Services\HumanResources\src\AW.Services.HumanResources.Infrastructure.EFCore\AW.Services.HumanResources.Infrastructure.EFCore.csproj", "{2361CE2A-802C-49C7-8463-958D82DBB73E}"
EndProject
Project("{9A19103F-16F7-4668-BE54-9A1E7A4F7556}") = "AW.Services.HumanResources.Core.UnitTests", "Services\HumanResources\tests\AW.Services.HumanResources.Core.UnitTests\AW.Services.HumanResources.Core.UnitTests.csproj", "{3369A13B-C034-4101-BD2D-CCC2C67D74E7}"
EndProject
Project("{FAE04EC0-301F-11D3-BF4B-00C04F79EFBC}") = "AW.Services.HumanResources.Database.Build", "Services\HumanResources\src\AW.Services.HumanResources.Database.Build\AW.Services.HumanResources.Database.Build.csproj", "{322AEF7C-91DA-4DA8-9913-62B84DE8FCFB}"
EndProject
Global
	GlobalSection(SolutionConfigurationPlatforms) = preSolution
		Debug|Any CPU = Debug|Any CPU
		Release|Any CPU = Release|Any CPU
	EndGlobalSection
	GlobalSection(ProjectConfigurationPlatforms) = postSolution
		{679AA4FF-C252-4FB7-9FF9-C234E34905AE}.Debug|Any CPU.ActiveCfg = Debug|Any CPU
		{679AA4FF-C252-4FB7-9FF9-C234E34905AE}.Debug|Any CPU.Build.0 = Debug|Any CPU
		{679AA4FF-C252-4FB7-9FF9-C234E34905AE}.Release|Any CPU.ActiveCfg = Release|Any CPU
		{679AA4FF-C252-4FB7-9FF9-C234E34905AE}.Release|Any CPU.Build.0 = Release|Any CPU
		{62AEE5B8-5D28-457E-AF0D-C24BC4C47EF3}.Debug|Any CPU.ActiveCfg = Debug|Any CPU
		{62AEE5B8-5D28-457E-AF0D-C24BC4C47EF3}.Debug|Any CPU.Build.0 = Debug|Any CPU
		{62AEE5B8-5D28-457E-AF0D-C24BC4C47EF3}.Release|Any CPU.ActiveCfg = Release|Any CPU
		{62AEE5B8-5D28-457E-AF0D-C24BC4C47EF3}.Release|Any CPU.Build.0 = Release|Any CPU
		{F1AEA4DC-924C-41BB-9818-886F28F69684}.Debug|Any CPU.ActiveCfg = Debug|Any CPU
		{F1AEA4DC-924C-41BB-9818-886F28F69684}.Debug|Any CPU.Build.0 = Debug|Any CPU
		{F1AEA4DC-924C-41BB-9818-886F28F69684}.Release|Any CPU.ActiveCfg = Release|Any CPU
		{F1AEA4DC-924C-41BB-9818-886F28F69684}.Release|Any CPU.Build.0 = Release|Any CPU
		{898C4B9A-85DF-4076-B808-C78B53505628}.Debug|Any CPU.ActiveCfg = Debug|Any CPU
		{898C4B9A-85DF-4076-B808-C78B53505628}.Debug|Any CPU.Build.0 = Debug|Any CPU
		{898C4B9A-85DF-4076-B808-C78B53505628}.Release|Any CPU.ActiveCfg = Release|Any CPU
		{898C4B9A-85DF-4076-B808-C78B53505628}.Release|Any CPU.Build.0 = Release|Any CPU
		{5AE7123F-D503-4182-9D9E-CF9ABD2B8599}.Debug|Any CPU.ActiveCfg = Debug|Any CPU
		{5AE7123F-D503-4182-9D9E-CF9ABD2B8599}.Debug|Any CPU.Deploy.0 = Debug|Any CPU
		{5AE7123F-D503-4182-9D9E-CF9ABD2B8599}.Release|Any CPU.ActiveCfg = Release|Any CPU
		{5AE7123F-D503-4182-9D9E-CF9ABD2B8599}.Release|Any CPU.Deploy.0 = Release|Any CPU
		{61884E6E-CE06-470E-BC1D-C5D122B85EA9}.Debug|Any CPU.ActiveCfg = Debug|Any CPU
		{61884E6E-CE06-470E-BC1D-C5D122B85EA9}.Debug|Any CPU.Build.0 = Debug|Any CPU
		{61884E6E-CE06-470E-BC1D-C5D122B85EA9}.Release|Any CPU.ActiveCfg = Release|Any CPU
		{61884E6E-CE06-470E-BC1D-C5D122B85EA9}.Release|Any CPU.Build.0 = Release|Any CPU
		{039198B4-316E-4694-B51C-0E8866A755D2}.Debug|Any CPU.ActiveCfg = Debug|Any CPU
		{039198B4-316E-4694-B51C-0E8866A755D2}.Debug|Any CPU.Build.0 = Debug|Any CPU
		{039198B4-316E-4694-B51C-0E8866A755D2}.Release|Any CPU.ActiveCfg = Release|Any CPU
		{039198B4-316E-4694-B51C-0E8866A755D2}.Release|Any CPU.Build.0 = Release|Any CPU
		{6A681E00-6E8F-4155-901B-8F27F967C962}.Debug|Any CPU.ActiveCfg = Debug|Any CPU
		{6A681E00-6E8F-4155-901B-8F27F967C962}.Debug|Any CPU.Build.0 = Debug|Any CPU
		{6A681E00-6E8F-4155-901B-8F27F967C962}.Release|Any CPU.ActiveCfg = Release|Any CPU
		{6A681E00-6E8F-4155-901B-8F27F967C962}.Release|Any CPU.Build.0 = Release|Any CPU
		{CC7AC60C-5480-4868-ADC9-07F0FBF63C6A}.Debug|Any CPU.ActiveCfg = Debug|Any CPU
		{CC7AC60C-5480-4868-ADC9-07F0FBF63C6A}.Debug|Any CPU.Build.0 = Debug|Any CPU
		{CC7AC60C-5480-4868-ADC9-07F0FBF63C6A}.Release|Any CPU.ActiveCfg = Release|Any CPU
		{CC7AC60C-5480-4868-ADC9-07F0FBF63C6A}.Release|Any CPU.Build.0 = Release|Any CPU
		{3FF38B7B-4782-4F69-9C87-DB3D7514FA1F}.Debug|Any CPU.ActiveCfg = Debug|Any CPU
		{3FF38B7B-4782-4F69-9C87-DB3D7514FA1F}.Debug|Any CPU.Build.0 = Debug|Any CPU
		{3FF38B7B-4782-4F69-9C87-DB3D7514FA1F}.Debug|Any CPU.Deploy.0 = Debug|Any CPU
		{3FF38B7B-4782-4F69-9C87-DB3D7514FA1F}.Release|Any CPU.ActiveCfg = Release|Any CPU
		{3FF38B7B-4782-4F69-9C87-DB3D7514FA1F}.Release|Any CPU.Build.0 = Release|Any CPU
		{3FF38B7B-4782-4F69-9C87-DB3D7514FA1F}.Release|Any CPU.Deploy.0 = Release|Any CPU
		{8458ECD8-ED2F-4611-8D62-CD2499A59844}.Debug|Any CPU.ActiveCfg = Debug|Any CPU
		{8458ECD8-ED2F-4611-8D62-CD2499A59844}.Debug|Any CPU.Build.0 = Debug|Any CPU
		{8458ECD8-ED2F-4611-8D62-CD2499A59844}.Release|Any CPU.ActiveCfg = Release|Any CPU
		{8458ECD8-ED2F-4611-8D62-CD2499A59844}.Release|Any CPU.Build.0 = Release|Any CPU
		{E95232CA-9B58-4B6A-8F06-A68E0C34BE04}.Debug|Any CPU.ActiveCfg = Debug|Any CPU
		{E95232CA-9B58-4B6A-8F06-A68E0C34BE04}.Debug|Any CPU.Build.0 = Debug|Any CPU
		{E95232CA-9B58-4B6A-8F06-A68E0C34BE04}.Release|Any CPU.ActiveCfg = Release|Any CPU
		{E95232CA-9B58-4B6A-8F06-A68E0C34BE04}.Release|Any CPU.Build.0 = Release|Any CPU
		{53C4151D-ED4B-4076-91F0-93130AE0241D}.Debug|Any CPU.ActiveCfg = Debug|Any CPU
		{53C4151D-ED4B-4076-91F0-93130AE0241D}.Debug|Any CPU.Build.0 = Debug|Any CPU
		{53C4151D-ED4B-4076-91F0-93130AE0241D}.Release|Any CPU.ActiveCfg = Release|Any CPU
		{53C4151D-ED4B-4076-91F0-93130AE0241D}.Release|Any CPU.Build.0 = Release|Any CPU
		{1F789659-9099-492F-9C21-DD10E7B30A22}.Debug|Any CPU.ActiveCfg = Debug|Any CPU
		{1F789659-9099-492F-9C21-DD10E7B30A22}.Debug|Any CPU.Build.0 = Debug|Any CPU
		{1F789659-9099-492F-9C21-DD10E7B30A22}.Release|Any CPU.ActiveCfg = Release|Any CPU
		{1F789659-9099-492F-9C21-DD10E7B30A22}.Release|Any CPU.Build.0 = Release|Any CPU
		{4CDB5487-379C-4FDA-AF1D-85B33B3A101D}.Debug|Any CPU.ActiveCfg = Debug|Any CPU
		{4CDB5487-379C-4FDA-AF1D-85B33B3A101D}.Debug|Any CPU.Build.0 = Debug|Any CPU
		{4CDB5487-379C-4FDA-AF1D-85B33B3A101D}.Release|Any CPU.ActiveCfg = Release|Any CPU
		{4CDB5487-379C-4FDA-AF1D-85B33B3A101D}.Release|Any CPU.Build.0 = Release|Any CPU
		{42D45F3E-0FA9-443D-ACFB-F95148150DC0}.Debug|Any CPU.ActiveCfg = Debug|Any CPU
		{42D45F3E-0FA9-443D-ACFB-F95148150DC0}.Debug|Any CPU.Build.0 = Debug|Any CPU
		{42D45F3E-0FA9-443D-ACFB-F95148150DC0}.Release|Any CPU.ActiveCfg = Release|Any CPU
		{42D45F3E-0FA9-443D-ACFB-F95148150DC0}.Release|Any CPU.Build.0 = Release|Any CPU
		{A8EF0E52-F97D-47D8-9453-C7D01F2C7593}.Debug|Any CPU.ActiveCfg = Debug|Any CPU
		{A8EF0E52-F97D-47D8-9453-C7D01F2C7593}.Debug|Any CPU.Build.0 = Debug|Any CPU
		{A8EF0E52-F97D-47D8-9453-C7D01F2C7593}.Debug|Any CPU.Deploy.0 = Debug|Any CPU
		{A8EF0E52-F97D-47D8-9453-C7D01F2C7593}.Release|Any CPU.ActiveCfg = Release|Any CPU
		{A8EF0E52-F97D-47D8-9453-C7D01F2C7593}.Release|Any CPU.Build.0 = Release|Any CPU
		{A8EF0E52-F97D-47D8-9453-C7D01F2C7593}.Release|Any CPU.Deploy.0 = Release|Any CPU
		{8D5CD1A8-4B77-410E-8326-889FD3FA519B}.Debug|Any CPU.ActiveCfg = Debug|Any CPU
		{8D5CD1A8-4B77-410E-8326-889FD3FA519B}.Debug|Any CPU.Build.0 = Debug|Any CPU
		{8D5CD1A8-4B77-410E-8326-889FD3FA519B}.Release|Any CPU.ActiveCfg = Release|Any CPU
		{8D5CD1A8-4B77-410E-8326-889FD3FA519B}.Release|Any CPU.Build.0 = Release|Any CPU
		{F37EEE72-30DB-4976-A986-C5267EABBDDF}.Debug|Any CPU.ActiveCfg = Debug|Any CPU
		{F37EEE72-30DB-4976-A986-C5267EABBDDF}.Debug|Any CPU.Build.0 = Debug|Any CPU
		{F37EEE72-30DB-4976-A986-C5267EABBDDF}.Release|Any CPU.ActiveCfg = Release|Any CPU
		{F37EEE72-30DB-4976-A986-C5267EABBDDF}.Release|Any CPU.Build.0 = Release|Any CPU
		{521A4D20-6295-4E6D-9D89-87C98FD90D13}.Debug|Any CPU.ActiveCfg = Debug|Any CPU
		{521A4D20-6295-4E6D-9D89-87C98FD90D13}.Debug|Any CPU.Build.0 = Debug|Any CPU
		{521A4D20-6295-4E6D-9D89-87C98FD90D13}.Release|Any CPU.ActiveCfg = Release|Any CPU
		{521A4D20-6295-4E6D-9D89-87C98FD90D13}.Release|Any CPU.Build.0 = Release|Any CPU
		{0E5E302F-FEC2-4CAC-B085-5CCA4FFC0153}.Debug|Any CPU.ActiveCfg = Debug|Any CPU
		{0E5E302F-FEC2-4CAC-B085-5CCA4FFC0153}.Debug|Any CPU.Build.0 = Debug|Any CPU
		{0E5E302F-FEC2-4CAC-B085-5CCA4FFC0153}.Release|Any CPU.ActiveCfg = Release|Any CPU
		{0E5E302F-FEC2-4CAC-B085-5CCA4FFC0153}.Release|Any CPU.Build.0 = Release|Any CPU
		{A5A9F308-B92E-4ED5-B285-3643709EE5D0}.Debug|Any CPU.ActiveCfg = Debug|Any CPU
		{A5A9F308-B92E-4ED5-B285-3643709EE5D0}.Debug|Any CPU.Build.0 = Debug|Any CPU
		{A5A9F308-B92E-4ED5-B285-3643709EE5D0}.Release|Any CPU.ActiveCfg = Release|Any CPU
		{A5A9F308-B92E-4ED5-B285-3643709EE5D0}.Release|Any CPU.Build.0 = Release|Any CPU
		{EF97B628-7368-4CE8-ACFC-EDE3BC317395}.Debug|Any CPU.ActiveCfg = Debug|Any CPU
		{EF97B628-7368-4CE8-ACFC-EDE3BC317395}.Debug|Any CPU.Build.0 = Debug|Any CPU
		{EF97B628-7368-4CE8-ACFC-EDE3BC317395}.Debug|Any CPU.Deploy.0 = Debug|Any CPU
		{EF97B628-7368-4CE8-ACFC-EDE3BC317395}.Release|Any CPU.ActiveCfg = Release|Any CPU
		{EF97B628-7368-4CE8-ACFC-EDE3BC317395}.Release|Any CPU.Build.0 = Release|Any CPU
		{EF97B628-7368-4CE8-ACFC-EDE3BC317395}.Release|Any CPU.Deploy.0 = Release|Any CPU
		{D53356A6-3F82-4FAD-BC5A-E046608369E5}.Debug|Any CPU.ActiveCfg = Debug|Any CPU
		{D53356A6-3F82-4FAD-BC5A-E046608369E5}.Debug|Any CPU.Build.0 = Debug|Any CPU
		{D53356A6-3F82-4FAD-BC5A-E046608369E5}.Release|Any CPU.ActiveCfg = Release|Any CPU
		{D53356A6-3F82-4FAD-BC5A-E046608369E5}.Release|Any CPU.Build.0 = Release|Any CPU
		{479D6690-824D-425F-A148-75D0DCB10739}.Debug|Any CPU.ActiveCfg = Debug|Any CPU
		{479D6690-824D-425F-A148-75D0DCB10739}.Debug|Any CPU.Build.0 = Debug|Any CPU
		{479D6690-824D-425F-A148-75D0DCB10739}.Release|Any CPU.ActiveCfg = Release|Any CPU
		{479D6690-824D-425F-A148-75D0DCB10739}.Release|Any CPU.Build.0 = Release|Any CPU
		{7D5DA53C-794E-4C31-AC28-183A5EFF932D}.Debug|Any CPU.ActiveCfg = Debug|Any CPU
		{7D5DA53C-794E-4C31-AC28-183A5EFF932D}.Debug|Any CPU.Build.0 = Debug|Any CPU
		{7D5DA53C-794E-4C31-AC28-183A5EFF932D}.Release|Any CPU.ActiveCfg = Release|Any CPU
		{7D5DA53C-794E-4C31-AC28-183A5EFF932D}.Release|Any CPU.Build.0 = Release|Any CPU
		{929E1C6F-0B88-48C0-9446-6788967662DD}.Debug|Any CPU.ActiveCfg = Debug|Any CPU
		{929E1C6F-0B88-48C0-9446-6788967662DD}.Debug|Any CPU.Build.0 = Debug|Any CPU
		{929E1C6F-0B88-48C0-9446-6788967662DD}.Release|Any CPU.ActiveCfg = Release|Any CPU
		{929E1C6F-0B88-48C0-9446-6788967662DD}.Release|Any CPU.Build.0 = Release|Any CPU
		{2FDBBAAA-5C7C-425B-83CC-59E43CC4C113}.Debug|Any CPU.ActiveCfg = Debug|Any CPU
		{2FDBBAAA-5C7C-425B-83CC-59E43CC4C113}.Debug|Any CPU.Build.0 = Debug|Any CPU
		{2FDBBAAA-5C7C-425B-83CC-59E43CC4C113}.Release|Any CPU.ActiveCfg = Release|Any CPU
		{2FDBBAAA-5C7C-425B-83CC-59E43CC4C113}.Release|Any CPU.Build.0 = Release|Any CPU
		{E18CC675-B1E6-4518-AC73-B2FC02F17C40}.Debug|Any CPU.ActiveCfg = Debug|Any CPU
		{E18CC675-B1E6-4518-AC73-B2FC02F17C40}.Debug|Any CPU.Build.0 = Debug|Any CPU
		{E18CC675-B1E6-4518-AC73-B2FC02F17C40}.Release|Any CPU.ActiveCfg = Release|Any CPU
		{E18CC675-B1E6-4518-AC73-B2FC02F17C40}.Release|Any CPU.Build.0 = Release|Any CPU
		{6E312887-2C0F-48E9-BAC3-CCEDA90DBAAF}.Debug|Any CPU.ActiveCfg = Debug|Any CPU
		{6E312887-2C0F-48E9-BAC3-CCEDA90DBAAF}.Debug|Any CPU.Build.0 = Debug|Any CPU
		{6E312887-2C0F-48E9-BAC3-CCEDA90DBAAF}.Release|Any CPU.ActiveCfg = Release|Any CPU
		{6E312887-2C0F-48E9-BAC3-CCEDA90DBAAF}.Release|Any CPU.Build.0 = Release|Any CPU
		{5207B6A4-0D6F-46F1-B421-2D2EC5F7B75B}.Debug|Any CPU.ActiveCfg = Debug|Any CPU
		{5207B6A4-0D6F-46F1-B421-2D2EC5F7B75B}.Debug|Any CPU.Build.0 = Debug|Any CPU
		{5207B6A4-0D6F-46F1-B421-2D2EC5F7B75B}.Release|Any CPU.ActiveCfg = Release|Any CPU
		{5207B6A4-0D6F-46F1-B421-2D2EC5F7B75B}.Release|Any CPU.Build.0 = Release|Any CPU
		{30319C0F-163D-4608-916B-E1AE78A1B998}.Debug|Any CPU.ActiveCfg = Debug|Any CPU
		{30319C0F-163D-4608-916B-E1AE78A1B998}.Debug|Any CPU.Build.0 = Debug|Any CPU
		{30319C0F-163D-4608-916B-E1AE78A1B998}.Release|Any CPU.ActiveCfg = Release|Any CPU
		{30319C0F-163D-4608-916B-E1AE78A1B998}.Release|Any CPU.Build.0 = Release|Any CPU
		{838CF403-ED0D-4366-B857-3AB68C93050D}.Debug|Any CPU.ActiveCfg = Debug|Any CPU
		{838CF403-ED0D-4366-B857-3AB68C93050D}.Debug|Any CPU.Build.0 = Debug|Any CPU
		{838CF403-ED0D-4366-B857-3AB68C93050D}.Release|Any CPU.ActiveCfg = Release|Any CPU
		{838CF403-ED0D-4366-B857-3AB68C93050D}.Release|Any CPU.Build.0 = Release|Any CPU
		{1590BB85-9E79-4538-BD8B-834BA50D4A6C}.Debug|Any CPU.ActiveCfg = Debug|Any CPU
		{1590BB85-9E79-4538-BD8B-834BA50D4A6C}.Debug|Any CPU.Build.0 = Debug|Any CPU
		{1590BB85-9E79-4538-BD8B-834BA50D4A6C}.Release|Any CPU.ActiveCfg = Release|Any CPU
		{1590BB85-9E79-4538-BD8B-834BA50D4A6C}.Release|Any CPU.Build.0 = Release|Any CPU
		{CA8F453B-DA3E-406C-A77A-86F8B54CB825}.Debug|Any CPU.ActiveCfg = Debug|Any CPU
		{CA8F453B-DA3E-406C-A77A-86F8B54CB825}.Debug|Any CPU.Build.0 = Debug|Any CPU
		{CA8F453B-DA3E-406C-A77A-86F8B54CB825}.Release|Any CPU.ActiveCfg = Release|Any CPU
		{CA8F453B-DA3E-406C-A77A-86F8B54CB825}.Release|Any CPU.Build.0 = Release|Any CPU
		{693EF9C0-CA4F-44ED-A3C8-D2C5F21C09A2}.Debug|Any CPU.ActiveCfg = Debug|Any CPU
		{693EF9C0-CA4F-44ED-A3C8-D2C5F21C09A2}.Debug|Any CPU.Build.0 = Debug|Any CPU
		{693EF9C0-CA4F-44ED-A3C8-D2C5F21C09A2}.Release|Any CPU.ActiveCfg = Release|Any CPU
		{693EF9C0-CA4F-44ED-A3C8-D2C5F21C09A2}.Release|Any CPU.Build.0 = Release|Any CPU
		{9AFA75EC-785D-4D76-A968-395A01B427AC}.Debug|Any CPU.ActiveCfg = Debug|Any CPU
		{9AFA75EC-785D-4D76-A968-395A01B427AC}.Debug|Any CPU.Build.0 = Debug|Any CPU
		{9AFA75EC-785D-4D76-A968-395A01B427AC}.Release|Any CPU.ActiveCfg = Release|Any CPU
		{9AFA75EC-785D-4D76-A968-395A01B427AC}.Release|Any CPU.Build.0 = Release|Any CPU
		{3BEF7C02-9F40-402A-9641-C880F8A7CD64}.Debug|Any CPU.ActiveCfg = Debug|Any CPU
		{3BEF7C02-9F40-402A-9641-C880F8A7CD64}.Debug|Any CPU.Build.0 = Debug|Any CPU
		{3BEF7C02-9F40-402A-9641-C880F8A7CD64}.Release|Any CPU.ActiveCfg = Release|Any CPU
		{3BEF7C02-9F40-402A-9641-C880F8A7CD64}.Release|Any CPU.Build.0 = Release|Any CPU
		{AAEE7943-7206-4CCF-8B45-92AB775A982E}.Debug|Any CPU.ActiveCfg = Debug|Any CPU
		{AAEE7943-7206-4CCF-8B45-92AB775A982E}.Debug|Any CPU.Build.0 = Debug|Any CPU
		{AAEE7943-7206-4CCF-8B45-92AB775A982E}.Release|Any CPU.ActiveCfg = Release|Any CPU
		{AAEE7943-7206-4CCF-8B45-92AB775A982E}.Release|Any CPU.Build.0 = Release|Any CPU
		{8CAFABC2-4BAC-467C-9293-E1ABF731723F}.Debug|Any CPU.ActiveCfg = Debug|Any CPU
		{8CAFABC2-4BAC-467C-9293-E1ABF731723F}.Debug|Any CPU.Build.0 = Debug|Any CPU
		{8CAFABC2-4BAC-467C-9293-E1ABF731723F}.Release|Any CPU.ActiveCfg = Release|Any CPU
		{8CAFABC2-4BAC-467C-9293-E1ABF731723F}.Release|Any CPU.Build.0 = Release|Any CPU
		{11EEB087-D93D-4547-9DEE-0BF16E255BF4}.Debug|Any CPU.ActiveCfg = Debug|Any CPU
		{11EEB087-D93D-4547-9DEE-0BF16E255BF4}.Debug|Any CPU.Build.0 = Debug|Any CPU
		{11EEB087-D93D-4547-9DEE-0BF16E255BF4}.Release|Any CPU.ActiveCfg = Release|Any CPU
		{11EEB087-D93D-4547-9DEE-0BF16E255BF4}.Release|Any CPU.Build.0 = Release|Any CPU
		{360EB93C-54A2-4414-83EC-8D8A68DD5A4A}.Debug|Any CPU.ActiveCfg = Debug|Any CPU
		{360EB93C-54A2-4414-83EC-8D8A68DD5A4A}.Debug|Any CPU.Build.0 = Debug|Any CPU
		{360EB93C-54A2-4414-83EC-8D8A68DD5A4A}.Debug|Any CPU.Deploy.0 = Debug|Any CPU
		{360EB93C-54A2-4414-83EC-8D8A68DD5A4A}.Release|Any CPU.ActiveCfg = Release|Any CPU
		{360EB93C-54A2-4414-83EC-8D8A68DD5A4A}.Release|Any CPU.Build.0 = Release|Any CPU
		{360EB93C-54A2-4414-83EC-8D8A68DD5A4A}.Release|Any CPU.Deploy.0 = Release|Any CPU
		{6DDC59B4-3C2B-4CEF-A804-729485B2D6A0}.Debug|Any CPU.ActiveCfg = Debug|Any CPU
		{6DDC59B4-3C2B-4CEF-A804-729485B2D6A0}.Debug|Any CPU.Build.0 = Debug|Any CPU
		{6DDC59B4-3C2B-4CEF-A804-729485B2D6A0}.Release|Any CPU.ActiveCfg = Release|Any CPU
		{6DDC59B4-3C2B-4CEF-A804-729485B2D6A0}.Release|Any CPU.Build.0 = Release|Any CPU
		{9835DC75-DFA2-48F6-912B-A7E271C84831}.Debug|Any CPU.ActiveCfg = Debug|Any CPU
		{9835DC75-DFA2-48F6-912B-A7E271C84831}.Debug|Any CPU.Build.0 = Debug|Any CPU
		{9835DC75-DFA2-48F6-912B-A7E271C84831}.Release|Any CPU.ActiveCfg = Release|Any CPU
		{9835DC75-DFA2-48F6-912B-A7E271C84831}.Release|Any CPU.Build.0 = Release|Any CPU
		{5000FEEF-646E-424F-8DDC-62DA4924A480}.Debug|Any CPU.ActiveCfg = Debug|Any CPU
		{5000FEEF-646E-424F-8DDC-62DA4924A480}.Debug|Any CPU.Build.0 = Debug|Any CPU
		{5000FEEF-646E-424F-8DDC-62DA4924A480}.Release|Any CPU.ActiveCfg = Release|Any CPU
		{5000FEEF-646E-424F-8DDC-62DA4924A480}.Release|Any CPU.Build.0 = Release|Any CPU
		{6AA09D9C-0077-4D59-BAB2-714291CCD105}.Debug|Any CPU.ActiveCfg = Debug|Any CPU
		{6AA09D9C-0077-4D59-BAB2-714291CCD105}.Debug|Any CPU.Build.0 = Debug|Any CPU
		{6AA09D9C-0077-4D59-BAB2-714291CCD105}.Release|Any CPU.ActiveCfg = Release|Any CPU
		{6AA09D9C-0077-4D59-BAB2-714291CCD105}.Release|Any CPU.Build.0 = Release|Any CPU
		{BE96B7D2-1496-4B5E-87FA-2B9351FA41C4}.Debug|Any CPU.ActiveCfg = Debug|Any CPU
		{BE96B7D2-1496-4B5E-87FA-2B9351FA41C4}.Debug|Any CPU.Build.0 = Debug|Any CPU
		{BE96B7D2-1496-4B5E-87FA-2B9351FA41C4}.Release|Any CPU.ActiveCfg = Release|Any CPU
		{BE96B7D2-1496-4B5E-87FA-2B9351FA41C4}.Release|Any CPU.Build.0 = Release|Any CPU
		{7AFC3343-269B-4A11-8CCF-7AB95A823B5C}.Debug|Any CPU.ActiveCfg = Debug|Any CPU
		{7AFC3343-269B-4A11-8CCF-7AB95A823B5C}.Debug|Any CPU.Build.0 = Debug|Any CPU
		{7AFC3343-269B-4A11-8CCF-7AB95A823B5C}.Release|Any CPU.ActiveCfg = Release|Any CPU
		{7AFC3343-269B-4A11-8CCF-7AB95A823B5C}.Release|Any CPU.Build.0 = Release|Any CPU
		{153545C8-ECB0-4632-9B28-8B2516356E1A}.Debug|Any CPU.ActiveCfg = Debug|Any CPU
		{153545C8-ECB0-4632-9B28-8B2516356E1A}.Debug|Any CPU.Build.0 = Debug|Any CPU
		{153545C8-ECB0-4632-9B28-8B2516356E1A}.Release|Any CPU.ActiveCfg = Release|Any CPU
		{153545C8-ECB0-4632-9B28-8B2516356E1A}.Release|Any CPU.Build.0 = Release|Any CPU
		{A32E616F-A570-4E65-8C5D-671894C3DDA5}.Debug|Any CPU.ActiveCfg = Debug|Any CPU
		{A32E616F-A570-4E65-8C5D-671894C3DDA5}.Debug|Any CPU.Build.0 = Debug|Any CPU
		{A32E616F-A570-4E65-8C5D-671894C3DDA5}.Release|Any CPU.ActiveCfg = Release|Any CPU
		{A32E616F-A570-4E65-8C5D-671894C3DDA5}.Release|Any CPU.Build.0 = Release|Any CPU
		{90A778F2-92C4-4B16-B823-A9CB49ABFAD9}.Debug|Any CPU.ActiveCfg = Debug|Any CPU
		{90A778F2-92C4-4B16-B823-A9CB49ABFAD9}.Debug|Any CPU.Build.0 = Debug|Any CPU
		{90A778F2-92C4-4B16-B823-A9CB49ABFAD9}.Release|Any CPU.ActiveCfg = Release|Any CPU
		{90A778F2-92C4-4B16-B823-A9CB49ABFAD9}.Release|Any CPU.Build.0 = Release|Any CPU
		{1059BAFC-2032-4DE2-A283-26A4850ED57D}.Debug|Any CPU.ActiveCfg = Debug|Any CPU
		{1059BAFC-2032-4DE2-A283-26A4850ED57D}.Debug|Any CPU.Build.0 = Debug|Any CPU
		{1059BAFC-2032-4DE2-A283-26A4850ED57D}.Release|Any CPU.ActiveCfg = Release|Any CPU
		{1059BAFC-2032-4DE2-A283-26A4850ED57D}.Release|Any CPU.Build.0 = Release|Any CPU
		{ACD999DA-97FB-45A0-9E1F-18FA74711524}.Debug|Any CPU.ActiveCfg = Debug|Any CPU
		{ACD999DA-97FB-45A0-9E1F-18FA74711524}.Debug|Any CPU.Build.0 = Debug|Any CPU
		{ACD999DA-97FB-45A0-9E1F-18FA74711524}.Release|Any CPU.ActiveCfg = Release|Any CPU
		{ACD999DA-97FB-45A0-9E1F-18FA74711524}.Release|Any CPU.Build.0 = Release|Any CPU
		{87D084D2-AB84-4BF9-8112-51CAF633F938}.Debug|Any CPU.ActiveCfg = Debug|Any CPU
		{87D084D2-AB84-4BF9-8112-51CAF633F938}.Debug|Any CPU.Build.0 = Debug|Any CPU
		{87D084D2-AB84-4BF9-8112-51CAF633F938}.Release|Any CPU.ActiveCfg = Release|Any CPU
		{87D084D2-AB84-4BF9-8112-51CAF633F938}.Release|Any CPU.Build.0 = Release|Any CPU
		{248F93AC-2505-4441-9B27-E74A32BAB00C}.Debug|Any CPU.ActiveCfg = Debug|Any CPU
		{248F93AC-2505-4441-9B27-E74A32BAB00C}.Debug|Any CPU.Build.0 = Debug|Any CPU
		{248F93AC-2505-4441-9B27-E74A32BAB00C}.Release|Any CPU.ActiveCfg = Release|Any CPU
		{248F93AC-2505-4441-9B27-E74A32BAB00C}.Release|Any CPU.Build.0 = Release|Any CPU
		{2D1AB9B2-404B-4E9E-8DF6-A03E83CAE195}.Debug|Any CPU.ActiveCfg = Debug|Any CPU
		{2D1AB9B2-404B-4E9E-8DF6-A03E83CAE195}.Debug|Any CPU.Build.0 = Debug|Any CPU
		{2D1AB9B2-404B-4E9E-8DF6-A03E83CAE195}.Release|Any CPU.ActiveCfg = Release|Any CPU
		{2D1AB9B2-404B-4E9E-8DF6-A03E83CAE195}.Release|Any CPU.Build.0 = Release|Any CPU
		{560A9520-04AD-4B3D-9106-CF19F3C634AB}.Debug|Any CPU.ActiveCfg = Debug|Any CPU
		{560A9520-04AD-4B3D-9106-CF19F3C634AB}.Debug|Any CPU.Build.0 = Debug|Any CPU
		{560A9520-04AD-4B3D-9106-CF19F3C634AB}.Release|Any CPU.ActiveCfg = Release|Any CPU
		{560A9520-04AD-4B3D-9106-CF19F3C634AB}.Release|Any CPU.Build.0 = Release|Any CPU
		{A1214E55-6FF6-47B7-BBFD-C68D19FE45B3}.Debug|Any CPU.ActiveCfg = Debug|Any CPU
		{A1214E55-6FF6-47B7-BBFD-C68D19FE45B3}.Debug|Any CPU.Build.0 = Debug|Any CPU
		{A1214E55-6FF6-47B7-BBFD-C68D19FE45B3}.Release|Any CPU.ActiveCfg = Release|Any CPU
		{A1214E55-6FF6-47B7-BBFD-C68D19FE45B3}.Release|Any CPU.Build.0 = Release|Any CPU
		{7E79198A-1621-436C-B0E9-5FD35A99FDEF}.Debug|Any CPU.ActiveCfg = Debug|Any CPU
		{7E79198A-1621-436C-B0E9-5FD35A99FDEF}.Debug|Any CPU.Build.0 = Debug|Any CPU
		{7E79198A-1621-436C-B0E9-5FD35A99FDEF}.Release|Any CPU.ActiveCfg = Release|Any CPU
		{7E79198A-1621-436C-B0E9-5FD35A99FDEF}.Release|Any CPU.Build.0 = Release|Any CPU
		{17B6AEC9-4148-4637-87C4-32C0E610F5BA}.Debug|Any CPU.ActiveCfg = Debug|Any CPU
		{17B6AEC9-4148-4637-87C4-32C0E610F5BA}.Debug|Any CPU.Build.0 = Debug|Any CPU
		{17B6AEC9-4148-4637-87C4-32C0E610F5BA}.Release|Any CPU.ActiveCfg = Release|Any CPU
		{17B6AEC9-4148-4637-87C4-32C0E610F5BA}.Release|Any CPU.Build.0 = Release|Any CPU
		{2C29DFEA-2FDC-46B5-A0FE-BAB0426B33FB}.Debug|Any CPU.ActiveCfg = Debug|Any CPU
		{2C29DFEA-2FDC-46B5-A0FE-BAB0426B33FB}.Debug|Any CPU.Build.0 = Debug|Any CPU
		{2C29DFEA-2FDC-46B5-A0FE-BAB0426B33FB}.Release|Any CPU.ActiveCfg = Release|Any CPU
		{2C29DFEA-2FDC-46B5-A0FE-BAB0426B33FB}.Release|Any CPU.Build.0 = Release|Any CPU
		{2EA91A92-EB92-44F4-8E3D-DB0FE172423E}.Debug|Any CPU.ActiveCfg = Debug|Any CPU
		{2EA91A92-EB92-44F4-8E3D-DB0FE172423E}.Debug|Any CPU.Build.0 = Debug|Any CPU
		{2EA91A92-EB92-44F4-8E3D-DB0FE172423E}.Release|Any CPU.ActiveCfg = Release|Any CPU
		{2EA91A92-EB92-44F4-8E3D-DB0FE172423E}.Release|Any CPU.Build.0 = Release|Any CPU
		{2C3E8FA6-B71D-4093-B1A5-853381957072}.Debug|Any CPU.ActiveCfg = Debug|Any CPU
		{2C3E8FA6-B71D-4093-B1A5-853381957072}.Debug|Any CPU.Build.0 = Debug|Any CPU
		{2C3E8FA6-B71D-4093-B1A5-853381957072}.Release|Any CPU.ActiveCfg = Release|Any CPU
		{2C3E8FA6-B71D-4093-B1A5-853381957072}.Release|Any CPU.Build.0 = Release|Any CPU
		{BC5DDCCB-0ECF-4206-B0A6-17AA42C4C655}.Debug|Any CPU.ActiveCfg = Debug|Any CPU
		{BC5DDCCB-0ECF-4206-B0A6-17AA42C4C655}.Debug|Any CPU.Build.0 = Debug|Any CPU
		{BC5DDCCB-0ECF-4206-B0A6-17AA42C4C655}.Release|Any CPU.ActiveCfg = Release|Any CPU
		{BC5DDCCB-0ECF-4206-B0A6-17AA42C4C655}.Release|Any CPU.Build.0 = Release|Any CPU
		{9717CF82-2371-49BC-B9CB-3FF8668CC1DC}.Debug|Any CPU.ActiveCfg = Debug|Any CPU
		{9717CF82-2371-49BC-B9CB-3FF8668CC1DC}.Debug|Any CPU.Build.0 = Debug|Any CPU
		{9717CF82-2371-49BC-B9CB-3FF8668CC1DC}.Release|Any CPU.ActiveCfg = Release|Any CPU
		{9717CF82-2371-49BC-B9CB-3FF8668CC1DC}.Release|Any CPU.Build.0 = Release|Any CPU
		{CA33957B-0B1B-4C79-B77A-4EAA3E0B2FFD}.Debug|Any CPU.ActiveCfg = Debug|Any CPU
		{CA33957B-0B1B-4C79-B77A-4EAA3E0B2FFD}.Debug|Any CPU.Build.0 = Debug|Any CPU
		{CA33957B-0B1B-4C79-B77A-4EAA3E0B2FFD}.Release|Any CPU.ActiveCfg = Release|Any CPU
		{CA33957B-0B1B-4C79-B77A-4EAA3E0B2FFD}.Release|Any CPU.Build.0 = Release|Any CPU
		{B3DEBDC6-75EA-4154-829A-F9A001A304B6}.Debug|Any CPU.ActiveCfg = Debug|Any CPU
		{B3DEBDC6-75EA-4154-829A-F9A001A304B6}.Debug|Any CPU.Build.0 = Debug|Any CPU
		{B3DEBDC6-75EA-4154-829A-F9A001A304B6}.Debug|Any CPU.Deploy.0 = Debug|Any CPU
		{B3DEBDC6-75EA-4154-829A-F9A001A304B6}.Release|Any CPU.ActiveCfg = Release|Any CPU
		{B3DEBDC6-75EA-4154-829A-F9A001A304B6}.Release|Any CPU.Build.0 = Release|Any CPU
		{B3DEBDC6-75EA-4154-829A-F9A001A304B6}.Release|Any CPU.Deploy.0 = Release|Any CPU
		{B8D36538-730F-4985-9BE5-5565D533C242}.Debug|Any CPU.ActiveCfg = Debug|Any CPU
		{B8D36538-730F-4985-9BE5-5565D533C242}.Debug|Any CPU.Build.0 = Debug|Any CPU
		{B8D36538-730F-4985-9BE5-5565D533C242}.Release|Any CPU.ActiveCfg = Release|Any CPU
		{B8D36538-730F-4985-9BE5-5565D533C242}.Release|Any CPU.Build.0 = Release|Any CPU
		{2361CE2A-802C-49C7-8463-958D82DBB73E}.Debug|Any CPU.ActiveCfg = Debug|Any CPU
		{2361CE2A-802C-49C7-8463-958D82DBB73E}.Debug|Any CPU.Build.0 = Debug|Any CPU
		{2361CE2A-802C-49C7-8463-958D82DBB73E}.Release|Any CPU.ActiveCfg = Release|Any CPU
		{2361CE2A-802C-49C7-8463-958D82DBB73E}.Release|Any CPU.Build.0 = Release|Any CPU
		{3369A13B-C034-4101-BD2D-CCC2C67D74E7}.Debug|Any CPU.ActiveCfg = Debug|Any CPU
		{3369A13B-C034-4101-BD2D-CCC2C67D74E7}.Debug|Any CPU.Build.0 = Debug|Any CPU
		{3369A13B-C034-4101-BD2D-CCC2C67D74E7}.Release|Any CPU.ActiveCfg = Release|Any CPU
		{3369A13B-C034-4101-BD2D-CCC2C67D74E7}.Release|Any CPU.Build.0 = Release|Any CPU
		{322AEF7C-91DA-4DA8-9913-62B84DE8FCFB}.Debug|Any CPU.ActiveCfg = Debug|Any CPU
		{322AEF7C-91DA-4DA8-9913-62B84DE8FCFB}.Debug|Any CPU.Build.0 = Debug|Any CPU
		{322AEF7C-91DA-4DA8-9913-62B84DE8FCFB}.Release|Any CPU.ActiveCfg = Release|Any CPU
		{322AEF7C-91DA-4DA8-9913-62B84DE8FCFB}.Release|Any CPU.Build.0 = Release|Any CPU
	EndGlobalSection
	GlobalSection(SolutionProperties) = preSolution
		HideSolutionNode = FALSE
	EndGlobalSection
	GlobalSection(NestedProjects) = preSolution
		{FD5FE5A9-ABC5-4A90-B73B-11CFF0DF8099} = {26F739B7-1475-403F-941D-5D3DFCF4364F}
		{FA336443-2C59-4600-B219-3ED00A1A88E0} = {26F739B7-1475-403F-941D-5D3DFCF4364F}
		{20EB3A40-8898-4F77-BCAD-9EA31B1A0DDE} = {26F739B7-1475-403F-941D-5D3DFCF4364F}
		{9D3187C2-A72B-4AA1-ADE8-23F65D1777B8} = {26F739B7-1475-403F-941D-5D3DFCF4364F}
		{22200797-A4AB-4C06-AE01-DED691284FFF} = {FA336443-2C59-4600-B219-3ED00A1A88E0}
		{6B144CBE-3123-4A2C-BFA5-ED65E1E01FF3} = {FA336443-2C59-4600-B219-3ED00A1A88E0}
		{679AA4FF-C252-4FB7-9FF9-C234E34905AE} = {22200797-A4AB-4C06-AE01-DED691284FFF}
		{62AEE5B8-5D28-457E-AF0D-C24BC4C47EF3} = {22200797-A4AB-4C06-AE01-DED691284FFF}
		{F1AEA4DC-924C-41BB-9818-886F28F69684} = {6B144CBE-3123-4A2C-BFA5-ED65E1E01FF3}
		{898C4B9A-85DF-4076-B808-C78B53505628} = {6B144CBE-3123-4A2C-BFA5-ED65E1E01FF3}
		{5AE7123F-D503-4182-9D9E-CF9ABD2B8599} = {22200797-A4AB-4C06-AE01-DED691284FFF}
		{61884E6E-CE06-470E-BC1D-C5D122B85EA9} = {22200797-A4AB-4C06-AE01-DED691284FFF}
		{039198B4-316E-4694-B51C-0E8866A755D2} = {6B144CBE-3123-4A2C-BFA5-ED65E1E01FF3}
		{586A91DB-FF50-4E30-845A-53DE3807AE8E} = {FD5FE5A9-ABC5-4A90-B73B-11CFF0DF8099}
		{7DC82A67-7167-4152-AE26-F103B05C705A} = {FD5FE5A9-ABC5-4A90-B73B-11CFF0DF8099}
		{6A681E00-6E8F-4155-901B-8F27F967C962} = {586A91DB-FF50-4E30-845A-53DE3807AE8E}
		{CC7AC60C-5480-4868-ADC9-07F0FBF63C6A} = {586A91DB-FF50-4E30-845A-53DE3807AE8E}
		{3FF38B7B-4782-4F69-9C87-DB3D7514FA1F} = {586A91DB-FF50-4E30-845A-53DE3807AE8E}
		{8458ECD8-ED2F-4611-8D62-CD2499A59844} = {7DC82A67-7167-4152-AE26-F103B05C705A}
		{E95232CA-9B58-4B6A-8F06-A68E0C34BE04} = {7DC82A67-7167-4152-AE26-F103B05C705A}
		{53C4151D-ED4B-4076-91F0-93130AE0241D} = {586A91DB-FF50-4E30-845A-53DE3807AE8E}
		{1F789659-9099-492F-9C21-DD10E7B30A22} = {7DC82A67-7167-4152-AE26-F103B05C705A}
		{0E062AEC-0C69-47F6-8D58-B8DA85EB40B8} = {20EB3A40-8898-4F77-BCAD-9EA31B1A0DDE}
		{C24FC188-C432-4268-A049-EB8527F42AE6} = {20EB3A40-8898-4F77-BCAD-9EA31B1A0DDE}
		{4CDB5487-379C-4FDA-AF1D-85B33B3A101D} = {0E062AEC-0C69-47F6-8D58-B8DA85EB40B8}
		{42D45F3E-0FA9-443D-ACFB-F95148150DC0} = {0E062AEC-0C69-47F6-8D58-B8DA85EB40B8}
		{A8EF0E52-F97D-47D8-9453-C7D01F2C7593} = {0E062AEC-0C69-47F6-8D58-B8DA85EB40B8}
		{8D5CD1A8-4B77-410E-8326-889FD3FA519B} = {C24FC188-C432-4268-A049-EB8527F42AE6}
		{F37EEE72-30DB-4976-A986-C5267EABBDDF} = {C24FC188-C432-4268-A049-EB8527F42AE6}
		{521A4D20-6295-4E6D-9D89-87C98FD90D13} = {0E062AEC-0C69-47F6-8D58-B8DA85EB40B8}
		{0E5E302F-FEC2-4CAC-B085-5CCA4FFC0153} = {C24FC188-C432-4268-A049-EB8527F42AE6}
		{51BFE4C6-00BB-4F14-BA5B-97AC2208D50F} = {9D3187C2-A72B-4AA1-ADE8-23F65D1777B8}
		{7E6C423E-89F9-4A4C-9252-A033B1F420DC} = {9D3187C2-A72B-4AA1-ADE8-23F65D1777B8}
		{A5A9F308-B92E-4ED5-B285-3643709EE5D0} = {51BFE4C6-00BB-4F14-BA5B-97AC2208D50F}
		{EF97B628-7368-4CE8-ACFC-EDE3BC317395} = {51BFE4C6-00BB-4F14-BA5B-97AC2208D50F}
		{D53356A6-3F82-4FAD-BC5A-E046608369E5} = {51BFE4C6-00BB-4F14-BA5B-97AC2208D50F}
		{479D6690-824D-425F-A148-75D0DCB10739} = {51BFE4C6-00BB-4F14-BA5B-97AC2208D50F}
		{7D5DA53C-794E-4C31-AC28-183A5EFF932D} = {7E6C423E-89F9-4A4C-9252-A033B1F420DC}
		{929E1C6F-0B88-48C0-9446-6788967662DD} = {7E6C423E-89F9-4A4C-9252-A033B1F420DC}
		{2FDBBAAA-5C7C-425B-83CC-59E43CC4C113} = {7E6C423E-89F9-4A4C-9252-A033B1F420DC}
		{E18CC675-B1E6-4518-AC73-B2FC02F17C40} = {4CA4DA3B-15EC-4E55-91D8-86EDE3AF6AD4}
		{94EEB5A7-4064-4F0A-B180-A06A74BA1F76} = {26F739B7-1475-403F-941D-5D3DFCF4364F}
		{4CA4DA3B-15EC-4E55-91D8-86EDE3AF6AD4} = {94EEB5A7-4064-4F0A-B180-A06A74BA1F76}
		{935DAF2D-6B50-45E5-A381-1919211BB2D8} = {26F739B7-1475-403F-941D-5D3DFCF4364F}
		{B59C95AC-4556-4AE0-9294-528F886810A7} = {935DAF2D-6B50-45E5-A381-1919211BB2D8}
		{FBA87A67-2BAB-4F2D-B83B-2668A2DCDD56} = {935DAF2D-6B50-45E5-A381-1919211BB2D8}
		{5207B6A4-0D6F-46F1-B421-2D2EC5F7B75B} = {B59C95AC-4556-4AE0-9294-528F886810A7}
		{30319C0F-163D-4608-916B-E1AE78A1B998} = {B59C95AC-4556-4AE0-9294-528F886810A7}
		{838CF403-ED0D-4366-B857-3AB68C93050D} = {B59C95AC-4556-4AE0-9294-528F886810A7}
		{549E2AE6-8ED3-444B-8268-55CCDC81743F} = {957228D9-53D5-4C1C-A8B3-1A355150E39A}
		{0559B48D-9374-43B1-869D-0173BDC1DCEE} = {957228D9-53D5-4C1C-A8B3-1A355150E39A}
		{1590BB85-9E79-4538-BD8B-834BA50D4A6C} = {549E2AE6-8ED3-444B-8268-55CCDC81743F}
		{CA8F453B-DA3E-406C-A77A-86F8B54CB825} = {549E2AE6-8ED3-444B-8268-55CCDC81743F}
		{693EF9C0-CA4F-44ED-A3C8-D2C5F21C09A2} = {549E2AE6-8ED3-444B-8268-55CCDC81743F}
		{9AFA75EC-785D-4D76-A968-395A01B427AC} = {0559B48D-9374-43B1-869D-0173BDC1DCEE}
		{3BEF7C02-9F40-402A-9641-C880F8A7CD64} = {0559B48D-9374-43B1-869D-0173BDC1DCEE}
		{AAEE7943-7206-4CCF-8B45-92AB775A982E} = {FBA87A67-2BAB-4F2D-B83B-2668A2DCDD56}
		{8CAFABC2-4BAC-467C-9293-E1ABF731723F} = {FBA87A67-2BAB-4F2D-B83B-2668A2DCDD56}
		{11EEB087-D93D-4547-9DEE-0BF16E255BF4} = {22200797-A4AB-4C06-AE01-DED691284FFF}
		{360EB93C-54A2-4414-83EC-8D8A68DD5A4A} = {4CA4DA3B-15EC-4E55-91D8-86EDE3AF6AD4}
		{6DDC59B4-3C2B-4CEF-A804-729485B2D6A0} = {4CA4DA3B-15EC-4E55-91D8-86EDE3AF6AD4}
		{96B09394-1576-48EC-AC9C-7429D4096D89} = {26F739B7-1475-403F-941D-5D3DFCF4364F}
		{EFD15974-13C7-4F37-983A-F18C42113F9B} = {96B09394-1576-48EC-AC9C-7429D4096D89}
		{C157B0A1-1744-4366-8A80-3A3D9770FE20} = {96B09394-1576-48EC-AC9C-7429D4096D89}
		{9835DC75-DFA2-48F6-912B-A7E271C84831} = {EFD15974-13C7-4F37-983A-F18C42113F9B}
		{5000FEEF-646E-424F-8DDC-62DA4924A480} = {C157B0A1-1744-4366-8A80-3A3D9770FE20}
		{6AA09D9C-0077-4D59-BAB2-714291CCD105} = {E728A588-EA81-4C5C-83FB-F1F788080DD6}
		{4A416C14-F070-427E-8666-080DA1231D5E} = {26F739B7-1475-403F-941D-5D3DFCF4364F}
		{E728A588-EA81-4C5C-83FB-F1F788080DD6} = {4A416C14-F070-427E-8666-080DA1231D5E}
		{BBE65087-98CF-4656-ADE1-C4C497EDC834} = {E79EA578-0E87-4901-B268-05A04EBB3149}
		{BE96B7D2-1496-4B5E-87FA-2B9351FA41C4} = {51BFE4C6-00BB-4F14-BA5B-97AC2208D50F}
		{7AFC3343-269B-4A11-8CCF-7AB95A823B5C} = {7E6C423E-89F9-4A4C-9252-A033B1F420DC}
		{153545C8-ECB0-4632-9B28-8B2516356E1A} = {4CA4DA3B-15EC-4E55-91D8-86EDE3AF6AD4}
		{133A9BA5-0553-45C7-8569-B236D9B40F12} = {4B6F67B3-2F76-4A4E-8413-8091DD88A2B0}
		{9EDA11DF-8BA8-42A9-B452-4280C2A39769} = {4B6F67B3-2F76-4A4E-8413-8091DD88A2B0}
		{A32E616F-A570-4E65-8C5D-671894C3DDA5} = {133A9BA5-0553-45C7-8569-B236D9B40F12}
		{90A778F2-92C4-4B16-B823-A9CB49ABFAD9} = {9EDA11DF-8BA8-42A9-B452-4280C2A39769}
		{FC84B990-E6C5-4708-82D2-D2D9825C413E} = {94EEB5A7-4064-4F0A-B180-A06A74BA1F76}
		{1059BAFC-2032-4DE2-A283-26A4850ED57D} = {FC84B990-E6C5-4708-82D2-D2D9825C413E}
		{ACD999DA-97FB-45A0-9E1F-18FA74711524} = {EFD15974-13C7-4F37-983A-F18C42113F9B}
		{87D084D2-AB84-4BF9-8112-51CAF633F938} = {C157B0A1-1744-4366-8A80-3A3D9770FE20}
		{248F93AC-2505-4441-9B27-E74A32BAB00C} = {E728A588-EA81-4C5C-83FB-F1F788080DD6}
		{2D1AB9B2-404B-4E9E-8DF6-A03E83CAE195} = {BBE65087-98CF-4656-ADE1-C4C497EDC834}
		{560A9520-04AD-4B3D-9106-CF19F3C634AB} = {BBE65087-98CF-4656-ADE1-C4C497EDC834}
		{57C53812-43F4-4D92-90D9-BD4873B9806F} = {E79EA578-0E87-4901-B268-05A04EBB3149}
		{B1B74503-431E-45DD-985F-1F1EC51B701F} = {E79EA578-0E87-4901-B268-05A04EBB3149}
		{109E6A07-9C4D-4750-82AF-113D0471125D} = {E79EA578-0E87-4901-B268-05A04EBB3149}
		{F4FF9CC8-A075-4507-821B-58DF3532C7CB} = {B1B74503-431E-45DD-985F-1F1EC51B701F}
		{88B1077B-CAF5-4B0E-8FD8-6E23527BBA66} = {B1B74503-431E-45DD-985F-1F1EC51B701F}
		{3A588463-15E0-4AB4-B5B1-11FB458D3F69} = {57C53812-43F4-4D92-90D9-BD4873B9806F}
		{E9B9AC64-E19E-49AC-A40A-C37264145EE3} = {57C53812-43F4-4D92-90D9-BD4873B9806F}
		{E94B9C87-8CA1-4588-B8EA-39A52168EA13} = {109E6A07-9C4D-4750-82AF-113D0471125D}
		{60101ABC-7CEA-42F4-9D58-A96430E4FDFA} = {109E6A07-9C4D-4750-82AF-113D0471125D}
		{A1214E55-6FF6-47B7-BBFD-C68D19FE45B3} = {F4FF9CC8-A075-4507-821B-58DF3532C7CB}
		{7E79198A-1621-436C-B0E9-5FD35A99FDEF} = {88B1077B-CAF5-4B0E-8FD8-6E23527BBA66}
		{17B6AEC9-4148-4637-87C4-32C0E610F5BA} = {3A588463-15E0-4AB4-B5B1-11FB458D3F69}
		{2C29DFEA-2FDC-46B5-A0FE-BAB0426B33FB} = {E9B9AC64-E19E-49AC-A40A-C37264145EE3}
		{2EA91A92-EB92-44F4-8E3D-DB0FE172423E} = {E94B9C87-8CA1-4588-B8EA-39A52168EA13}
		{2C3E8FA6-B71D-4093-B1A5-853381957072} = {60101ABC-7CEA-42F4-9D58-A96430E4FDFA}
		{BC5DDCCB-0ECF-4206-B0A6-17AA42C4C655} = {3A588463-15E0-4AB4-B5B1-11FB458D3F69}
		{38B4C869-D7E3-4076-B263-AF4BA66F393A} = {E79EA578-0E87-4901-B268-05A04EBB3149}
		{9717CF82-2371-49BC-B9CB-3FF8668CC1DC} = {7C0F4DFE-53A5-47BC-820B-9A8024D5E74F}
		{7C0F4DFE-53A5-47BC-820B-9A8024D5E74F} = {38B4C869-D7E3-4076-B263-AF4BA66F393A}
		{348F15E6-F6A8-49AB-A9A0-E76A947502DC} = {38B4C869-D7E3-4076-B263-AF4BA66F393A}
		{CA33957B-0B1B-4C79-B77A-4EAA3E0B2FFD} = {348F15E6-F6A8-49AB-A9A0-E76A947502DC}
		{B3DEBDC6-75EA-4154-829A-F9A001A304B6} = {03FBAE0A-B0AC-43F3-B4CE-6061CB9CB4A4}
		{F2B6C740-4CE2-42D7-AB62-AF5F4683ED50} = {26F739B7-1475-403F-941D-5D3DFCF4364F}
		{03FBAE0A-B0AC-43F3-B4CE-6061CB9CB4A4} = {F2B6C740-4CE2-42D7-AB62-AF5F4683ED50}
		{BCAFD866-7676-49C1-AE49-0EF3F0EC7304} = {F2B6C740-4CE2-42D7-AB62-AF5F4683ED50}
		{B8D36538-730F-4985-9BE5-5565D533C242} = {03FBAE0A-B0AC-43F3-B4CE-6061CB9CB4A4}
		{2361CE2A-802C-49C7-8463-958D82DBB73E} = {03FBAE0A-B0AC-43F3-B4CE-6061CB9CB4A4}
		{3369A13B-C034-4101-BD2D-CCC2C67D74E7} = {BCAFD866-7676-49C1-AE49-0EF3F0EC7304}
		{322AEF7C-91DA-4DA8-9913-62B84DE8FCFB} = {03FBAE0A-B0AC-43F3-B4CE-6061CB9CB4A4}
	EndGlobalSection
	GlobalSection(ExtensibilityGlobals) = postSolution
		SolutionGuid = {6FB535EF-31B6-4DD8-93D1-498D875ACE02}
	EndGlobalSection
EndGlobal
